PODS:
  - CreekSDK (10.0.10-noise):
    - SwiftProtobuf (~> 1.25.2)
  - CropViewController (2.7.4)
  - MBProgressHUD (1.2.0)
  - MicrosoftCognitiveServicesSpeech-iOS (1.35.0)
  - SnapKit (5.7.1)
  - SwiftProtobuf (1.25.2)
  - Toast-Swift (5.1.1)
  - TZImagePickerController (3.8.9):
    - TZImagePickerController/Basic (= 3.8.9)
    - TZImagePickerController/Location (= 3.8.9)
  - TZImagePickerController/Basic (3.8.9)
  - TZImagePickerController/Location (3.8.9)
  - ZIPFoundation (0.9.19)

DEPENDENCIES:
  - CreekSDK (from `../`)
  - CropViewController
  - MBProgressHUD
  - MicrosoftCognitiveServicesSpeech-iOS (~> 1.35.0)
  - SnapKit
  - Toast-Swift
  - TZImagePickerController
  - ZIPFoundation

SPEC REPOS:
  trunk:
    - CropViewController
    - MBProgressHUD
    - MicrosoftCognitiveServicesSpeech-iOS
    - SnapKit
    - SwiftProtobuf
    - Toast-Swift
    - TZImagePickerController
    - ZIPFoundation

EXTERNAL SOURCES:
  CreekSDK:
    :path: "../"

SPEC CHECKSUMS:
  CreekSDK: dc67367d12d39a0340e0e834d6bd0f1fd87b40b6
  CropViewController: 3489bbf95a3e11c654382b0bae08ac645cdf1b93
  MBProgressHUD: 3ee5efcc380f6a79a7cc9b363dd669c5e1ae7406
  MicrosoftCognitiveServicesSpeech-iOS: b25ac5b5925c7136e962473660434d9a1e757ba3
  SnapKit: d612e99e678a2d3b95bf60b0705ed0a35c03484a
  SwiftProtobuf: 407a385e97fd206c4fbe880cc84123989167e0d1
  Toast-Swift: 7a03a532afe3a560d4044bc7c237e2864d295173
  TZImagePickerController: 456f470b5dea97b37226ec7a694994a8663340b2
  ZIPFoundation: b8c29ea7ae353b309bc810586181fd073cb3312c

PODFILE CHECKSUM: 85380851655a96407ea7a6ceae47e67547cf48a9

COCOAPODS: 1.16.2
