PODS:
  - CreekFFmpeg (0.0.1)
  - CreekSDK (11.0.5):
    - SwiftProtobuf (~> 1.25.2)
  - CropViewController (2.7.4)
  - MBProgressHUD (1.2.0)
  - MicrosoftCognitiveServicesSpeech-iOS (1.44.0)
  - SnapKit (5.7.1)
  - SwiftProtobuf (1.25.2)
  - Toast-Swift (5.1.1)
  - TZImagePickerController (3.8.6):
    - TZImagePickerController/Basic (= 3.8.6)
    - TZImagePickerController/Location (= 3.8.6)
  - TZImagePickerController/Basic (3.8.6)
  - TZImagePickerController/Location (3.8.6)
  - ZIPFoundation (0.9.19)

DEPENDENCIES:
  - CreekFFmpeg (from `https://github.com/creekwearable/creek_ffmpeg.git`, tag `0.0.1`)
  - CreekSDK (from `../`)
  - CropViewController
  - MBProgressHUD
  - MicrosoftCognitiveServicesSpeech-iOS
  - SnapKit
  - Toast-Swift
  - TZImagePickerController
  - ZIPFoundation

SPEC REPOS:
  trunk:
    - CropViewController
    - MBProgressHUD
    - MicrosoftCognitiveServicesSpeech-iOS
    - SnapKit
    - SwiftProtobuf
    - Toast-Swift
    - TZImagePickerController
    - ZIPFoundation

EXTERNAL SOURCES:
  CreekFFmpeg:
    :git: https://github.com/creekwearable/creek_ffmpeg.git
    :tag: 0.0.1
  CreekSDK:
    :path: "../"

CHECKOUT OPTIONS:
  CreekFFmpeg:
    :git: https://github.com/creekwearable/creek_ffmpeg.git
    :tag: 0.0.1

SPEC CHECKSUMS:
  CreekFFmpeg: f32c075e1b24972f1efe7519edb2a3fff3c500ac
  CreekSDK: 122497f1b1a2db6b4b975c98e60b7281bd1f9c14
  CropViewController: 3489bbf95a3e11c654382b0bae08ac645cdf1b93
  MBProgressHUD: 3ee5efcc380f6a79a7cc9b363dd669c5e1ae7406
  MicrosoftCognitiveServicesSpeech-iOS: 6e39e00447337facb47f418c9c21dd46b4d8c4d0
  SnapKit: d612e99e678a2d3b95bf60b0705ed0a35c03484a
  SwiftProtobuf: 407a385e97fd206c4fbe880cc84123989167e0d1
  Toast-Swift: 7a03a532afe3a560d4044bc7c237e2864d295173
  TZImagePickerController: a013c186415f6044914bb0d0dd960a884cff46ec
  ZIPFoundation: b8c29ea7ae353b309bc810586181fd073cb3312c

PODFILE CHECKSUM: 57f1b93ed3070a59e68e769d02dd3692cd28f705

COCOAPODS: 1.16.2
