// !$*UTF8*$!
{
	archiveVersion = 1;
	classes = {
	};
	objectVersion = 46;
	objects = {

/* Begin PBXBuildFile section */
		0702F1B02BBA59BF00712684 /* ProtoExtension.swift in Sources */ = {isa = PBXBuildFile; fileRef = 0702F1AF2BBA59BF00712684 /* ProtoExtension.swift */; };
		07266BF32DACF260000F8BED /* findphone.pb.swift in Sources */ = {isa = PBXBuildFile; fileRef = 07266BCA2DACF260000F8BED /* findphone.pb.swift */; };
		07266BF42DACF260000F8BED /* sensor.pb.swift in Sources */ = {isa = PBXBuildFile; fileRef = 07266BDE2DACF260000F8BED /* sensor.pb.swift */; };
		07266BF52DACF260000F8BED /* skill.pb.swift in Sources */ = {isa = PBXBuildFile; fileRef = 07266BDF2DACF260000F8BED /* skill.pb.swift */; };
		07266BF62DACF260000F8BED /* language.pb.swift in Sources */ = {isa = PBXBuildFile; fileRef = 07266BD22DACF260000F8BED /* language.pb.swift */; };
		07266BF72DACF260000F8BED /* alarm.pb.swift in Sources */ = {isa = PBXBuildFile; fileRef = 07266BB92DACF260000F8BED /* alarm.pb.swift */; };
		07266BF82DACF260000F8BED /* disturb.pb.swift in Sources */ = {isa = PBXBuildFile; fileRef = 07266BC72DACF260000F8BED /* disturb.pb.swift */; };
		07266BF92DACF260000F8BED /* healthsnapshot.pb.swift in Sources */ = {isa = PBXBuildFile; fileRef = 07266BD02DACF260000F8BED /* healthsnapshot.pb.swift */; };
		07266BFA2DACF260000F8BED /* standing.pb.swift in Sources */ = {isa = PBXBuildFile; fileRef = 07266BE32DACF260000F8BED /* standing.pb.swift */; };
		07266BFB2DACF260000F8BED /* watchdial.pb.swift in Sources */ = {isa = PBXBuildFile; fileRef = 07266BEB2DACF260000F8BED /* watchdial.pb.swift */; };
		07266BFC2DACF260000F8BED /* appSleep.pb.swift in Sources */ = {isa = PBXBuildFile; fileRef = 07266BBE2DACF260000F8BED /* appSleep.pb.swift */; };
		07266BFD2DACF260000F8BED /* font.pb.swift in Sources */ = {isa = PBXBuildFile; fileRef = 07266BCC2DACF260000F8BED /* font.pb.swift */; };
		07266BFE2DACF260000F8BED /* morning.pb.swift in Sources */ = {isa = PBXBuildFile; fileRef = 07266BD72DACF260000F8BED /* morning.pb.swift */; };
		07266BFF2DACF260000F8BED /* time.pb.swift in Sources */ = {isa = PBXBuildFile; fileRef = 07266BE62DACF260000F8BED /* time.pb.swift */; };
		07266C002DACF260000F8BED /* call.pb.swift in Sources */ = {isa = PBXBuildFile; fileRef = 07266BC22DACF260000F8BED /* call.pb.swift */; };
		07266C012DACF260000F8BED /* wtm.pb.swift in Sources */ = {isa = PBXBuildFile; fileRef = 07266BF22DACF260000F8BED /* wtm.pb.swift */; };
		07266C022DACF260000F8BED /* mtu.pb.swift in Sources */ = {isa = PBXBuildFile; fileRef = 07266BD82DACF260000F8BED /* mtu.pb.swift */; };
		07266C032DACF260000F8BED /* sportPrescription.pb.swift in Sources */ = {isa = PBXBuildFile; fileRef = 07266BE22DACF260000F8BED /* sportPrescription.pb.swift */; };
		07266C042DACF260000F8BED /* appTable.pb.swift in Sources */ = {isa = PBXBuildFile; fileRef = 07266BBF2DACF260000F8BED /* appTable.pb.swift */; };
		07266C052DACF260000F8BED /* update.pb.swift in Sources */ = {isa = PBXBuildFile; fileRef = 07266BE82DACF260000F8BED /* update.pb.swift */; };
		07266C062DACF260000F8BED /* contacts.pb.swift in Sources */ = {isa = PBXBuildFile; fileRef = 07266BC42DACF260000F8BED /* contacts.pb.swift */; };
		07266C072DACF260000F8BED /* deviceinfo.pb.swift in Sources */ = {isa = PBXBuildFile; fileRef = 07266BC62DACF260000F8BED /* deviceinfo.pb.swift */; };
		07266C082DACF260000F8BED /* contactssos.pb.swift in Sources */ = {isa = PBXBuildFile; fileRef = 07266BC52DACF260000F8BED /* contactssos.pb.swift */; };
		07266C092DACF260000F8BED /* appList.pb.swift in Sources */ = {isa = PBXBuildFile; fileRef = 07266BBD2DACF260000F8BED /* appList.pb.swift */; };
		07266C0A2DACF260000F8BED /* focus.pb.swift in Sources */ = {isa = PBXBuildFile; fileRef = 07266BCB2DACF260000F8BED /* focus.pb.swift */; };
		07266C0B2DACF260000F8BED /* menstrual.pb.swift in Sources */ = {isa = PBXBuildFile; fileRef = 07266BD42DACF260000F8BED /* menstrual.pb.swift */; };
		07266C0C2DACF260000F8BED /* sport.pb.swift in Sources */ = {isa = PBXBuildFile; fileRef = 07266BE12DACF260000F8BED /* sport.pb.swift */; };
		07266C0D2DACF260000F8BED /* hotKey.pb.swift in Sources */ = {isa = PBXBuildFile; fileRef = 07266BD12DACF260000F8BED /* hotKey.pb.swift */; };
		07266C0E2DACF260000F8BED /* monitor.pb.swift in Sources */ = {isa = PBXBuildFile; fileRef = 07266BD62DACF260000F8BED /* monitor.pb.swift */; };
		07266C0F2DACF260000F8BED /* weather.pb.swift in Sources */ = {isa = PBXBuildFile; fileRef = 07266BF02DACF260000F8BED /* weather.pb.swift */; };
		07266C102DACF260000F8BED /* applets.pb.swift in Sources */ = {isa = PBXBuildFile; fileRef = 07266BBC2DACF260000F8BED /* applets.pb.swift */; };
		07266C112DACF260000F8BED /* log.pb.swift in Sources */ = {isa = PBXBuildFile; fileRef = 07266BD32DACF260000F8BED /* log.pb.swift */; };
		07266C122DACF260000F8BED /* watchdirection.pb.swift in Sources */ = {isa = PBXBuildFile; fileRef = 07266BEC2DACF260000F8BED /* watchdirection.pb.swift */; };
		07266C132DACF260000F8BED /* wordtime.pb.swift in Sources */ = {isa = PBXBuildFile; fileRef = 07266BF12DACF260000F8BED /* wordtime.pb.swift */; };
		07266C142DACF260000F8BED /* event.pb.swift in Sources */ = {isa = PBXBuildFile; fileRef = 07266BC92DACF260000F8BED /* event.pb.swift */; };
		07266C152DACF260000F8BED /* binding.pb.swift in Sources */ = {isa = PBXBuildFile; fileRef = 07266BC02DACF260000F8BED /* binding.pb.swift */; };
		07266C162DACF260000F8BED /* card.pb.swift in Sources */ = {isa = PBXBuildFile; fileRef = 07266BC32DACF260000F8BED /* card.pb.swift */; };
		07266C172DACF260000F8BED /* healthhead.pb.swift in Sources */ = {isa = PBXBuildFile; fileRef = 07266BCF2DACF260000F8BED /* healthhead.pb.swift */; };
		07266C182DACF260000F8BED /* message.pb.swift in Sources */ = {isa = PBXBuildFile; fileRef = 07266BD52DACF260000F8BED /* message.pb.swift */; };
		07266C192DACF260000F8BED /* watchSensor.pb.swift in Sources */ = {isa = PBXBuildFile; fileRef = 07266BED2DACF260000F8BED /* watchSensor.pb.swift */; };
		07266C1A2DACF260000F8BED /* gesture.pb.swift in Sources */ = {isa = PBXBuildFile; fileRef = 07266BCD2DACF260000F8BED /* gesture.pb.swift */; };
		07266C1B2DACF260000F8BED /* alipay.pb.swift in Sources */ = {isa = PBXBuildFile; fileRef = 07266BBB2DACF260000F8BED /* alipay.pb.swift */; };
		07266C1C2DACF260000F8BED /* enums.pb.swift in Sources */ = {isa = PBXBuildFile; fileRef = 07266BC82DACF260000F8BED /* enums.pb.swift */; };
		07266C1D2DACF260000F8BED /* music.pb.swift in Sources */ = {isa = PBXBuildFile; fileRef = 07266BD92DACF260000F8BED /* music.pb.swift */; };
		07266C1E2DACF260000F8BED /* userinfo.pb.swift in Sources */ = {isa = PBXBuildFile; fileRef = 07266BE92DACF260000F8BED /* userinfo.pb.swift */; };
		07266C1F2DACF260000F8BED /* voice.pb.swift in Sources */ = {isa = PBXBuildFile; fileRef = 07266BEA2DACF260000F8BED /* voice.pb.swift */; };
		07266C202DACF260000F8BED /* tracking.pb.swift in Sources */ = {isa = PBXBuildFile; fileRef = 07266BE72DACF260000F8BED /* tracking.pb.swift */; };
		07266C212DACF260000F8BED /* schedule.pb.swift in Sources */ = {isa = PBXBuildFile; fileRef = 07266BDC2DACF260000F8BED /* schedule.pb.swift */; };
		07266C222DACF260000F8BED /* alexa.pb.swift in Sources */ = {isa = PBXBuildFile; fileRef = 07266BBA2DACF260000F8BED /* alexa.pb.swift */; };
		07266C232DACF260000F8BED /* waterMonitor.pb.swift in Sources */ = {isa = PBXBuildFile; fileRef = 07266BEF2DACF260000F8BED /* waterMonitor.pb.swift */; };
		07266C242DACF260000F8BED /* system.pb.swift in Sources */ = {isa = PBXBuildFile; fileRef = 07266BE42DACF260000F8BED /* system.pb.swift */; };
		07266C252DACF260000F8BED /* sleepMonitor.pb.swift in Sources */ = {isa = PBXBuildFile; fileRef = 07266BE02DACF260000F8BED /* sleepMonitor.pb.swift */; };
		07266C262DACF260000F8BED /* calendar.pb.swift in Sources */ = {isa = PBXBuildFile; fileRef = 07266BC12DACF260000F8BED /* calendar.pb.swift */; };
		07266C272DACF260000F8BED /* table.pb.swift in Sources */ = {isa = PBXBuildFile; fileRef = 07266BE52DACF260000F8BED /* table.pb.swift */; };
		07266C282DACF260000F8BED /* waterAssistant.pb.swift in Sources */ = {isa = PBXBuildFile; fileRef = 07266BEE2DACF260000F8BED /* waterAssistant.pb.swift */; };
		07266C292DACF260000F8BED /* health.pb.swift in Sources */ = {isa = PBXBuildFile; fileRef = 07266BCE2DACF260000F8BED /* health.pb.swift */; };
		07266C2A2DACF260000F8BED /* ring.pb.swift in Sources */ = {isa = PBXBuildFile; fileRef = 07266BDB2DACF260000F8BED /* ring.pb.swift */; };
		07266C2B2DACF260000F8BED /* screen.pb.swift in Sources */ = {isa = PBXBuildFile; fileRef = 07266BDD2DACF260000F8BED /* screen.pb.swift */; };
		07266C2C2DACF260000F8BED /* pspkey.pb.swift in Sources */ = {isa = PBXBuildFile; fileRef = 07266BDA2DACF260000F8BED /* pspkey.pb.swift */; };
		07266C2E2DACFDEB000F8BED /* MusicModel.swift in Sources */ = {isa = PBXBuildFile; fileRef = 07266C2D2DACFDEB000F8BED /* MusicModel.swift */; };
		07266C302DAD01DE000F8BED /* CourseModel.swift in Sources */ = {isa = PBXBuildFile; fileRef = 07266C2F2DAD01DE000F8BED /* CourseModel.swift */; };
		07266C322DAD0575000F8BED /* LogViewController.swift in Sources */ = {isa = PBXBuildFile; fileRef = 07266C312DAD0575000F8BED /* LogViewController.swift */; };
		07266C342DAD1CAB000F8BED /* MusicViewController.swift in Sources */ = {isa = PBXBuildFile; fileRef = 07266C332DAD1CAB000F8BED /* MusicViewController.swift */; };
		07266C362DAF60F0000F8BED /* geo.pb.swift in Sources */ = {isa = PBXBuildFile; fileRef = 07266C352DAF60F0000F8BED /* geo.pb.swift */; };
		07266C382DAF64DA000F8BED /* SportCourseViewController.swift in Sources */ = {isa = PBXBuildFile; fileRef = 07266C372DAF64DA000F8BED /* SportCourseViewController.swift */; };
		07266C3A2DAFBBB4000F8BED /* RouteViewController.swift in Sources */ = {isa = PBXBuildFile; fileRef = 07266C392DAFBBB4000F8BED /* RouteViewController.swift */; };
		07266C3E2DAFEA29000F8BED /* OTAViewController.swift in Sources */ = {isa = PBXBuildFile; fileRef = 07266C3D2DAFEA29000F8BED /* OTAViewController.swift */; };
		072D41952C5BC62E00B1FB98 /* ContactsIconModel.swift in Sources */ = {isa = PBXBuildFile; fileRef = 072D41942C5BC62E00B1FB98 /* ContactsIconModel.swift */; };
		072D41972C5C8FD500B1FB98 /* add.png in Resources */ = {isa = PBXBuildFile; fileRef = 072D41962C5C8FD500B1FB98 /* add.png */; };
		073D059E2E30DA7F00F000B3 /* GoalsModel.swift in Sources */ = {isa = PBXBuildFile; fileRef = 073D059D2E30DA7F00F000B3 /* GoalsModel.swift */; };
		073D05E92E3A2AD700F000B3 /* activeOta.pb.swift in Sources */ = {isa = PBXBuildFile; fileRef = 073D05E72E3A2AD700F000B3 /* activeOta.pb.swift */; };
		073D05EA2E3A2AD700F000B3 /* zsWeather.pb.swift in Sources */ = {isa = PBXBuildFile; fileRef = 073D05E82E3A2AD700F000B3 /* zsWeather.pb.swift */; };
		073DE4A32E12DBD900FA2B97 /* netWork.pb.swift in Sources */ = {isa = PBXBuildFile; fileRef = 073DE4A22E12DBD900FA2B97 /* netWork.pb.swift */; };
		073DE4B92E1B6C8A00FA2B97 /* DialVideoViewController.swift in Sources */ = {isa = PBXBuildFile; fileRef = 073DE4B82E1B6C8A00FA2B97 /* DialVideoViewController.swift */; };
		073DE4BD2E1BE00000FA2B97 /* video.zip in Resources */ = {isa = PBXBuildFile; fileRef = 073DE4BC2E1BE00000FA2B97 /* video.zip */; };
		073E04C32C19801A009EA116 /* CW06G_TITAD101_01.zip in Resources */ = {isa = PBXBuildFile; fileRef = 073E04C22C198019009EA116 /* CW06G_TITAD101_01.zip */; };
		073FD2462E5D548A00652FCF /* cardioFitness.pb.swift in Sources */ = {isa = PBXBuildFile; fileRef = 073FD2432E5D548A00652FCF /* cardioFitness.pb.swift */; };
		073FD2472E5D548A00652FCF /* bloodPressure.pb.swift in Sources */ = {isa = PBXBuildFile; fileRef = 073FD2422E5D548A00652FCF /* bloodPressure.pb.swift */; };
		073FD2482E5D548A00652FCF /* ephemeris.pb.swift in Sources */ = {isa = PBXBuildFile; fileRef = 073FD2442E5D548A00652FCF /* ephemeris.pb.swift */; };
		073FD2492E5D548A00652FCF /* medicine.pb.swift in Sources */ = {isa = PBXBuildFile; fileRef = 073FD2452E5D548A00652FCF /* medicine.pb.swift */; };
		0750C9322B99756400D8E7A0 /* func6_pink.zip in Resources */ = {isa = PBXBuildFile; fileRef = 0750C9312B99756400D8E7A0 /* func6_pink.zip */; };
		0750C9342B99AC9F00D8E7A0 /* BaseSheetView.swift in Sources */ = {isa = PBXBuildFile; fileRef = 0750C9332B99AC9F00D8E7A0 /* BaseSheetView.swift */; };
		0750C9362B99AED500D8E7A0 /* CustomSheetView.swift in Sources */ = {isa = PBXBuildFile; fileRef = 0750C9352B99AED500D8E7A0 /* CustomSheetView.swift */; };
		077A60B22B677ED100AFEB2B /* CASIO01_01.zip in Resources */ = {isa = PBXBuildFile; fileRef = 077A60B12B677ED100AFEB2B /* CASIO01_01.zip */; };
		077A60B42B679A5300AFEB2B /* DialParseModel.swift in Sources */ = {isa = PBXBuildFile; fileRef = 077A60B32B679A5300AFEB2B /* DialParseModel.swift */; };
		077A60B62B67AB8F00AFEB2B /* acti06_2.zip in Resources */ = {isa = PBXBuildFile; fileRef = 077A60B52B67AB8F00AFEB2B /* acti06_2.zip */; };
		077A60B82B67AFDC00AFEB2B /* extension_color.swift in Sources */ = {isa = PBXBuildFile; fileRef = 077A60B72B67AFDC00AFEB2B /* extension_color.swift */; };
		077A60BA2B67B37300AFEB2B /* DialViewController.swift in Sources */ = {isa = PBXBuildFile; fileRef = 077A60B92B67B37300AFEB2B /* DialViewController.swift */; };
		07941D2A2BCBE0CB00CBFB62 /* DialPhotoParseModel.swift in Sources */ = {isa = PBXBuildFile; fileRef = 07941D292BCBE0CB00CBFB62 /* DialPhotoParseModel.swift */; };
		07941D2C2BCBE58000CBFB62 /* circlePhoto.zip in Resources */ = {isa = PBXBuildFile; fileRef = 07941D2B2BCBE58000CBFB62 /* circlePhoto.zip */; };
		07941D362BCEB4BB00CBFB62 /* squarePhoto.zip in Resources */ = {isa = PBXBuildFile; fileRef = 07941D352BCEB4BB00CBFB62 /* squarePhoto.zip */; };
		07985AD22BA0816700F8EE01 /* Act06_1201_03.zip in Resources */ = {isa = PBXBuildFile; fileRef = 07985ACF2BA0816700F8EE01 /* Act06_1201_03.zip */; };
		07985AD32BA0816700F8EE01 /* Fun_061211_05_2.zip in Resources */ = {isa = PBXBuildFile; fileRef = 07985AD02BA0816700F8EE01 /* Fun_061211_05_2.zip */; };
		07985AD42BA0816700F8EE01 /* Fun061101_03.zip in Resources */ = {isa = PBXBuildFile; fileRef = 07985AD12BA0816700F8EE01 /* Fun061101_03.zip */; };
		079A21592B29A24B00F5D013 /* .gitkeep in Resources */ = {isa = PBXBuildFile; fileRef = 079A21552B29A24A00F5D013 /* .gitkeep */; };
		079A21612B29A71B00F5D013 /* CreekSDK.swift in Sources */ = {isa = PBXBuildFile; fileRef = 079A215D2B29A71A00F5D013 /* CreekSDK.swift */; };
		079A21622B29A71B00F5D013 /* Log.swift in Sources */ = {isa = PBXBuildFile; fileRef = 079A215E2B29A71A00F5D013 /* Log.swift */; };
		079A21632B29A71B00F5D013 /* CreekSDKExtension.swift in Sources */ = {isa = PBXBuildFile; fileRef = 079A215F2B29A71A00F5D013 /* CreekSDKExtension.swift */; };
		079A21642B29A71B00F5D013 /* CreekEnum.swift in Sources */ = {isa = PBXBuildFile; fileRef = 079A21602B29A71A00F5D013 /* CreekEnum.swift */; };
		079A21762B29A72A00F5D013 /* NoiseModel.swift in Sources */ = {isa = PBXBuildFile; fileRef = 079A21662B29A72A00F5D013 /* NoiseModel.swift */; };
		079A21772B29A72A00F5D013 /* ParseJson.swift in Sources */ = {isa = PBXBuildFile; fileRef = 079A21672B29A72A00F5D013 /* ParseJson.swift */; };
		079A21782B29A72A00F5D013 /* StressModel.swift in Sources */ = {isa = PBXBuildFile; fileRef = 079A21682B29A72A00F5D013 /* StressModel.swift */; };
		079A21792B29A72A00F5D013 /* PhoneModel.swift in Sources */ = {isa = PBXBuildFile; fileRef = 079A21692B29A72A00F5D013 /* PhoneModel.swift */; };
		079A217A2B29A72A00F5D013 /* DeviceModel.swift in Sources */ = {isa = PBXBuildFile; fileRef = 079A216A2B29A72A00F5D013 /* DeviceModel.swift */; };
		079A217B2B29A72A00F5D013 /* EventReportModel.swift in Sources */ = {isa = PBXBuildFile; fileRef = 079A216B2B29A72A00F5D013 /* EventReportModel.swift */; };
		079A217C2B29A72A00F5D013 /* SportModel.swift in Sources */ = {isa = PBXBuildFile; fileRef = 079A216C2B29A72A00F5D013 /* SportModel.swift */; };
		079A217D2B29A72A00F5D013 /* SleepModel.swift in Sources */ = {isa = PBXBuildFile; fileRef = 079A216D2B29A72A00F5D013 /* SleepModel.swift */; };
		079A217E2B29A72A00F5D013 /* NoticeUpdateModel.swift in Sources */ = {isa = PBXBuildFile; fileRef = 079A216E2B29A72A00F5D013 /* NoticeUpdateModel.swift */; };
		079A217F2B29A72A00F5D013 /* BaseModel.swift in Sources */ = {isa = PBXBuildFile; fileRef = 079A216F2B29A72A00F5D013 /* BaseModel.swift */; };
		079A21802B29A72A00F5D013 /* OxygenModel.swift in Sources */ = {isa = PBXBuildFile; fileRef = 079A21702B29A72A00F5D013 /* OxygenModel.swift */; };
		079A21812B29A72A00F5D013 /* DeviceInfo.swift in Sources */ = {isa = PBXBuildFile; fileRef = 079A21712B29A72A00F5D013 /* DeviceInfo.swift */; };
		079A21822B29A72A00F5D013 /* ActivityModel.swift in Sources */ = {isa = PBXBuildFile; fileRef = 079A21722B29A72A00F5D013 /* ActivityModel.swift */; };
		079A21832B29A72A00F5D013 /* HeartRateModel.swift in Sources */ = {isa = PBXBuildFile; fileRef = 079A21732B29A72A00F5D013 /* HeartRateModel.swift */; };
		079A21842B29A72A00F5D013 /* HrvModel.swift in Sources */ = {isa = PBXBuildFile; fileRef = 079A21742B29A72A00F5D013 /* HrvModel.swift */; };
		079A21852B29A72A00F5D013 /* EphemerisModel.swift in Sources */ = {isa = PBXBuildFile; fileRef = 079A21752B29A72A00F5D013 /* EphemerisModel.swift */; };
		079A21D62B29A7E600F5D013 /* CreekInterFace.swift in Sources */ = {isa = PBXBuildFile; fileRef = 079A21D52B29A7E600F5D013 /* CreekInterFace.swift */; };
		079A21DC2B29B0B700F5D013 /* GlobalDefine.swift in Sources */ = {isa = PBXBuildFile; fileRef = 079A21D92B29B0B700F5D013 /* GlobalDefine.swift */; };
		079A21DD2B29B0B700F5D013 /* PonyAlert.swift in Sources */ = {isa = PBXBuildFile; fileRef = 079A21DA2B29B0B700F5D013 /* PonyAlert.swift */; };
		079A21DE2B29B0B700F5D013 /* PonyBaseViewController.swift in Sources */ = {isa = PBXBuildFile; fileRef = 079A21DB2B29B0B700F5D013 /* PonyBaseViewController.swift */; };
		079A21E12B29B0FA00F5D013 /* ScanDeviceViewController.swift in Sources */ = {isa = PBXBuildFile; fileRef = 079A21DF2B29B0FA00F5D013 /* ScanDeviceViewController.swift */; };
		079A21E22B29B0FA00F5D013 /* CommandReplyViewController.swift in Sources */ = {isa = PBXBuildFile; fileRef = 079A21E02B29B0FA00F5D013 /* CommandReplyViewController.swift */; };
		079D06EF2E87CD570088C49A /* multifileTran.pb.swift in Sources */ = {isa = PBXBuildFile; fileRef = 079D06ED2E87CD570088C49A /* multifileTran.pb.swift */; };
		079D06F02E87CD570088C49A /* hydrateAassistant.pb.swift in Sources */ = {isa = PBXBuildFile; fileRef = 079D06EC2E87CD570088C49A /* hydrateAassistant.pb.swift */; };
		079D06F12E87CD570088C49A /* qrcodeList.pb.swift in Sources */ = {isa = PBXBuildFile; fileRef = 079D06EE2E87CD570088C49A /* qrcodeList.pb.swift */; };
		07A73BB22BF20C67007EFFB3 /* UpgradeModel.swift in Sources */ = {isa = PBXBuildFile; fileRef = 07A73BB12BF20C67007EFFB3 /* UpgradeModel.swift */; };
		07A73BB42BF211C0007EFFB3 /* titan.zip in Resources */ = {isa = PBXBuildFile; fileRef = 07A73BB32BF211C0007EFFB3 /* titan.zip */; };
		07AEC4472BE7916200D49A1B /* PrivacyInfo.xcprivacy in Resources */ = {isa = PBXBuildFile; fileRef = 07AEC4452BE7916200D49A1B /* PrivacyInfo.xcprivacy */; };
		07BDFAF02B68D504009AD3D2 /* DialDetailsViewController.swift in Sources */ = {isa = PBXBuildFile; fileRef = 07BDFAEF2B68D504009AD3D2 /* DialDetailsViewController.swift */; };
		07BDFAF22B68E820009AD3D2 /* ZBSlideBar.swift in Sources */ = {isa = PBXBuildFile; fileRef = 07BDFAF12B68E820009AD3D2 /* ZBSlideBar.swift */; };
		07C8FBAE2BD7F2620047D112 /* EphemerisGPSModel.swift in Sources */ = {isa = PBXBuildFile; fileRef = 07C8FBAD2BD7F2620047D112 /* EphemerisGPSModel.swift */; };
		07D139782BC51EF8009405D2 /* DialPhotoViewController.swift in Sources */ = {isa = PBXBuildFile; fileRef = 07D139772BC51EF8009405D2 /* DialPhotoViewController.swift */; };
		07D1397A2BC64592009405D2 /* CameraPopView.swift in Sources */ = {isa = PBXBuildFile; fileRef = 07D139792BC64592009405D2 /* CameraPopView.swift */; };
		4ADBCA62C349B648744043ED /* Pods_CreekSDK_Example.framework in Frameworks */ = {isa = PBXBuildFile; fileRef = 5B9F1989C1F7E6B6DC7E2067 /* Pods_CreekSDK_Example.framework */; };
		607FACD61AFB9204008FA782 /* AppDelegate.swift in Sources */ = {isa = PBXBuildFile; fileRef = 607FACD51AFB9204008FA782 /* AppDelegate.swift */; };
		607FACD81AFB9204008FA782 /* ViewController.swift in Sources */ = {isa = PBXBuildFile; fileRef = 607FACD71AFB9204008FA782 /* ViewController.swift */; };
		607FACDB1AFB9204008FA782 /* Main.storyboard in Resources */ = {isa = PBXBuildFile; fileRef = 607FACD91AFB9204008FA782 /* Main.storyboard */; };
		607FACDD1AFB9204008FA782 /* Images.xcassets in Resources */ = {isa = PBXBuildFile; fileRef = 607FACDC1AFB9204008FA782 /* Images.xcassets */; };
		607FACE01AFB9204008FA782 /* LaunchScreen.xib in Resources */ = {isa = PBXBuildFile; fileRef = 607FACDE1AFB9204008FA782 /* LaunchScreen.xib */; };
		C44BFBA52E8A400400E63C19 /* GPSModel.swift in Sources */ = {isa = PBXBuildFile; fileRef = C44BFBA42E8A400200E63C19 /* GPSModel.swift */; };
		C4524E342E797EA800F91EBA /* trainingLoad.pb.swift in Sources */ = {isa = PBXBuildFile; fileRef = C4524E332E797EA800F91EBA /* trainingLoad.pb.swift */; };
		C4524E362E797EE700F91EBA /* cardioFitness.pb.swift in Sources */ = {isa = PBXBuildFile; fileRef = C4524E352E797EE700F91EBA /* cardioFitness.pb.swift */; };
		C46B44CA2E6840CA00069759 /* volumeAdjust.pb.swift in Sources */ = {isa = PBXBuildFile; fileRef = C46B44C92E6840CA00069759 /* volumeAdjust.pb.swift */; };
		C47349322E86C59300DE8374 /* AfModel.swift in Sources */ = {isa = PBXBuildFile; fileRef = C47349312E86C58A00DE8374 /* AfModel.swift */; };
		C47349342E86C5A200DE8374 /* AfPpgModel.swift in Sources */ = {isa = PBXBuildFile; fileRef = C47349332E86C59900DE8374 /* AfPpgModel.swift */; };
/* End PBXBuildFile section */

/* Begin PBXFileReference section */
		0702F1AF2BBA59BF00712684 /* ProtoExtension.swift */ = {isa = PBXFileReference; lastKnownFileType = sourcecode.swift; path = ProtoExtension.swift; sourceTree = "<group>"; };
		07266BB92DACF260000F8BED /* alarm.pb.swift */ = {isa = PBXFileReference; lastKnownFileType = sourcecode.swift; path = alarm.pb.swift; sourceTree = "<group>"; };
		07266BBA2DACF260000F8BED /* alexa.pb.swift */ = {isa = PBXFileReference; lastKnownFileType = sourcecode.swift; path = alexa.pb.swift; sourceTree = "<group>"; };
		07266BBB2DACF260000F8BED /* alipay.pb.swift */ = {isa = PBXFileReference; lastKnownFileType = sourcecode.swift; path = alipay.pb.swift; sourceTree = "<group>"; };
		07266BBC2DACF260000F8BED /* applets.pb.swift */ = {isa = PBXFileReference; lastKnownFileType = sourcecode.swift; path = applets.pb.swift; sourceTree = "<group>"; };
		07266BBD2DACF260000F8BED /* appList.pb.swift */ = {isa = PBXFileReference; lastKnownFileType = sourcecode.swift; path = appList.pb.swift; sourceTree = "<group>"; };
		07266BBE2DACF260000F8BED /* appSleep.pb.swift */ = {isa = PBXFileReference; lastKnownFileType = sourcecode.swift; path = appSleep.pb.swift; sourceTree = "<group>"; };
		07266BBF2DACF260000F8BED /* appTable.pb.swift */ = {isa = PBXFileReference; lastKnownFileType = sourcecode.swift; path = appTable.pb.swift; sourceTree = "<group>"; };
		07266BC02DACF260000F8BED /* binding.pb.swift */ = {isa = PBXFileReference; lastKnownFileType = sourcecode.swift; path = binding.pb.swift; sourceTree = "<group>"; };
		07266BC12DACF260000F8BED /* calendar.pb.swift */ = {isa = PBXFileReference; lastKnownFileType = sourcecode.swift; path = calendar.pb.swift; sourceTree = "<group>"; };
		07266BC22DACF260000F8BED /* call.pb.swift */ = {isa = PBXFileReference; lastKnownFileType = sourcecode.swift; path = call.pb.swift; sourceTree = "<group>"; };
		07266BC32DACF260000F8BED /* card.pb.swift */ = {isa = PBXFileReference; lastKnownFileType = sourcecode.swift; path = card.pb.swift; sourceTree = "<group>"; };
		07266BC42DACF260000F8BED /* contacts.pb.swift */ = {isa = PBXFileReference; lastKnownFileType = sourcecode.swift; path = contacts.pb.swift; sourceTree = "<group>"; };
		07266BC52DACF260000F8BED /* contactssos.pb.swift */ = {isa = PBXFileReference; lastKnownFileType = sourcecode.swift; path = contactssos.pb.swift; sourceTree = "<group>"; };
		07266BC62DACF260000F8BED /* deviceinfo.pb.swift */ = {isa = PBXFileReference; lastKnownFileType = sourcecode.swift; path = deviceinfo.pb.swift; sourceTree = "<group>"; };
		07266BC72DACF260000F8BED /* disturb.pb.swift */ = {isa = PBXFileReference; lastKnownFileType = sourcecode.swift; path = disturb.pb.swift; sourceTree = "<group>"; };
		07266BC82DACF260000F8BED /* enums.pb.swift */ = {isa = PBXFileReference; lastKnownFileType = sourcecode.swift; path = enums.pb.swift; sourceTree = "<group>"; };
		07266BC92DACF260000F8BED /* event.pb.swift */ = {isa = PBXFileReference; lastKnownFileType = sourcecode.swift; path = event.pb.swift; sourceTree = "<group>"; };
		07266BCA2DACF260000F8BED /* findphone.pb.swift */ = {isa = PBXFileReference; lastKnownFileType = sourcecode.swift; path = findphone.pb.swift; sourceTree = "<group>"; };
		07266BCB2DACF260000F8BED /* focus.pb.swift */ = {isa = PBXFileReference; lastKnownFileType = sourcecode.swift; path = focus.pb.swift; sourceTree = "<group>"; };
		07266BCC2DACF260000F8BED /* font.pb.swift */ = {isa = PBXFileReference; lastKnownFileType = sourcecode.swift; path = font.pb.swift; sourceTree = "<group>"; };
		07266BCD2DACF260000F8BED /* gesture.pb.swift */ = {isa = PBXFileReference; lastKnownFileType = sourcecode.swift; path = gesture.pb.swift; sourceTree = "<group>"; };
		07266BCE2DACF260000F8BED /* health.pb.swift */ = {isa = PBXFileReference; lastKnownFileType = sourcecode.swift; path = health.pb.swift; sourceTree = "<group>"; };
		07266BCF2DACF260000F8BED /* healthhead.pb.swift */ = {isa = PBXFileReference; lastKnownFileType = sourcecode.swift; path = healthhead.pb.swift; sourceTree = "<group>"; };
		07266BD02DACF260000F8BED /* healthsnapshot.pb.swift */ = {isa = PBXFileReference; lastKnownFileType = sourcecode.swift; path = healthsnapshot.pb.swift; sourceTree = "<group>"; };
		07266BD12DACF260000F8BED /* hotKey.pb.swift */ = {isa = PBXFileReference; lastKnownFileType = sourcecode.swift; path = hotKey.pb.swift; sourceTree = "<group>"; };
		07266BD22DACF260000F8BED /* language.pb.swift */ = {isa = PBXFileReference; lastKnownFileType = sourcecode.swift; path = language.pb.swift; sourceTree = "<group>"; };
		07266BD32DACF260000F8BED /* log.pb.swift */ = {isa = PBXFileReference; lastKnownFileType = sourcecode.swift; path = log.pb.swift; sourceTree = "<group>"; };
		07266BD42DACF260000F8BED /* menstrual.pb.swift */ = {isa = PBXFileReference; lastKnownFileType = sourcecode.swift; path = menstrual.pb.swift; sourceTree = "<group>"; };
		07266BD52DACF260000F8BED /* message.pb.swift */ = {isa = PBXFileReference; lastKnownFileType = sourcecode.swift; path = message.pb.swift; sourceTree = "<group>"; };
		07266BD62DACF260000F8BED /* monitor.pb.swift */ = {isa = PBXFileReference; lastKnownFileType = sourcecode.swift; path = monitor.pb.swift; sourceTree = "<group>"; };
		07266BD72DACF260000F8BED /* morning.pb.swift */ = {isa = PBXFileReference; lastKnownFileType = sourcecode.swift; path = morning.pb.swift; sourceTree = "<group>"; };
		07266BD82DACF260000F8BED /* mtu.pb.swift */ = {isa = PBXFileReference; lastKnownFileType = sourcecode.swift; path = mtu.pb.swift; sourceTree = "<group>"; };
		07266BD92DACF260000F8BED /* music.pb.swift */ = {isa = PBXFileReference; lastKnownFileType = sourcecode.swift; path = music.pb.swift; sourceTree = "<group>"; };
		07266BDA2DACF260000F8BED /* pspkey.pb.swift */ = {isa = PBXFileReference; lastKnownFileType = sourcecode.swift; path = pspkey.pb.swift; sourceTree = "<group>"; };
		07266BDB2DACF260000F8BED /* ring.pb.swift */ = {isa = PBXFileReference; lastKnownFileType = sourcecode.swift; path = ring.pb.swift; sourceTree = "<group>"; };
		07266BDC2DACF260000F8BED /* schedule.pb.swift */ = {isa = PBXFileReference; lastKnownFileType = sourcecode.swift; path = schedule.pb.swift; sourceTree = "<group>"; };
		07266BDD2DACF260000F8BED /* screen.pb.swift */ = {isa = PBXFileReference; lastKnownFileType = sourcecode.swift; path = screen.pb.swift; sourceTree = "<group>"; };
		07266BDE2DACF260000F8BED /* sensor.pb.swift */ = {isa = PBXFileReference; lastKnownFileType = sourcecode.swift; path = sensor.pb.swift; sourceTree = "<group>"; };
		07266BDF2DACF260000F8BED /* skill.pb.swift */ = {isa = PBXFileReference; lastKnownFileType = sourcecode.swift; path = skill.pb.swift; sourceTree = "<group>"; };
		07266BE02DACF260000F8BED /* sleepMonitor.pb.swift */ = {isa = PBXFileReference; lastKnownFileType = sourcecode.swift; path = sleepMonitor.pb.swift; sourceTree = "<group>"; };
		07266BE12DACF260000F8BED /* sport.pb.swift */ = {isa = PBXFileReference; lastKnownFileType = sourcecode.swift; path = sport.pb.swift; sourceTree = "<group>"; };
		07266BE22DACF260000F8BED /* sportPrescription.pb.swift */ = {isa = PBXFileReference; lastKnownFileType = sourcecode.swift; path = sportPrescription.pb.swift; sourceTree = "<group>"; };
		07266BE32DACF260000F8BED /* standing.pb.swift */ = {isa = PBXFileReference; lastKnownFileType = sourcecode.swift; path = standing.pb.swift; sourceTree = "<group>"; };
		07266BE42DACF260000F8BED /* system.pb.swift */ = {isa = PBXFileReference; lastKnownFileType = sourcecode.swift; path = system.pb.swift; sourceTree = "<group>"; };
		07266BE52DACF260000F8BED /* table.pb.swift */ = {isa = PBXFileReference; lastKnownFileType = sourcecode.swift; path = table.pb.swift; sourceTree = "<group>"; };
		07266BE62DACF260000F8BED /* time.pb.swift */ = {isa = PBXFileReference; lastKnownFileType = sourcecode.swift; path = time.pb.swift; sourceTree = "<group>"; };
		07266BE72DACF260000F8BED /* tracking.pb.swift */ = {isa = PBXFileReference; lastKnownFileType = sourcecode.swift; path = tracking.pb.swift; sourceTree = "<group>"; };
		07266BE82DACF260000F8BED /* update.pb.swift */ = {isa = PBXFileReference; lastKnownFileType = sourcecode.swift; path = update.pb.swift; sourceTree = "<group>"; };
		07266BE92DACF260000F8BED /* userinfo.pb.swift */ = {isa = PBXFileReference; lastKnownFileType = sourcecode.swift; path = userinfo.pb.swift; sourceTree = "<group>"; };
		07266BEA2DACF260000F8BED /* voice.pb.swift */ = {isa = PBXFileReference; lastKnownFileType = sourcecode.swift; path = voice.pb.swift; sourceTree = "<group>"; };
		07266BEB2DACF260000F8BED /* watchdial.pb.swift */ = {isa = PBXFileReference; lastKnownFileType = sourcecode.swift; path = watchdial.pb.swift; sourceTree = "<group>"; };
		07266BEC2DACF260000F8BED /* watchdirection.pb.swift */ = {isa = PBXFileReference; lastKnownFileType = sourcecode.swift; path = watchdirection.pb.swift; sourceTree = "<group>"; };
		07266BED2DACF260000F8BED /* watchSensor.pb.swift */ = {isa = PBXFileReference; lastKnownFileType = sourcecode.swift; path = watchSensor.pb.swift; sourceTree = "<group>"; };
		07266BEE2DACF260000F8BED /* waterAssistant.pb.swift */ = {isa = PBXFileReference; lastKnownFileType = sourcecode.swift; path = waterAssistant.pb.swift; sourceTree = "<group>"; };
		07266BEF2DACF260000F8BED /* waterMonitor.pb.swift */ = {isa = PBXFileReference; lastKnownFileType = sourcecode.swift; path = waterMonitor.pb.swift; sourceTree = "<group>"; };
		07266BF02DACF260000F8BED /* weather.pb.swift */ = {isa = PBXFileReference; lastKnownFileType = sourcecode.swift; path = weather.pb.swift; sourceTree = "<group>"; };
		07266BF12DACF260000F8BED /* wordtime.pb.swift */ = {isa = PBXFileReference; lastKnownFileType = sourcecode.swift; path = wordtime.pb.swift; sourceTree = "<group>"; };
		07266BF22DACF260000F8BED /* wtm.pb.swift */ = {isa = PBXFileReference; lastKnownFileType = sourcecode.swift; path = wtm.pb.swift; sourceTree = "<group>"; };
		07266C2D2DACFDEB000F8BED /* MusicModel.swift */ = {isa = PBXFileReference; lastKnownFileType = sourcecode.swift; path = MusicModel.swift; sourceTree = "<group>"; };
		07266C2F2DAD01DE000F8BED /* CourseModel.swift */ = {isa = PBXFileReference; lastKnownFileType = sourcecode.swift; path = CourseModel.swift; sourceTree = "<group>"; };
		07266C312DAD0575000F8BED /* LogViewController.swift */ = {isa = PBXFileReference; lastKnownFileType = sourcecode.swift; path = LogViewController.swift; sourceTree = "<group>"; };
		07266C332DAD1CAB000F8BED /* MusicViewController.swift */ = {isa = PBXFileReference; lastKnownFileType = sourcecode.swift; path = MusicViewController.swift; sourceTree = "<group>"; };
		07266C352DAF60F0000F8BED /* geo.pb.swift */ = {isa = PBXFileReference; lastKnownFileType = sourcecode.swift; path = geo.pb.swift; sourceTree = "<group>"; };
		07266C372DAF64DA000F8BED /* SportCourseViewController.swift */ = {isa = PBXFileReference; lastKnownFileType = sourcecode.swift; path = SportCourseViewController.swift; sourceTree = "<group>"; };
		07266C392DAFBBB4000F8BED /* RouteViewController.swift */ = {isa = PBXFileReference; lastKnownFileType = sourcecode.swift; path = RouteViewController.swift; sourceTree = "<group>"; };
		07266C3D2DAFEA29000F8BED /* OTAViewController.swift */ = {isa = PBXFileReference; lastKnownFileType = sourcecode.swift; path = OTAViewController.swift; sourceTree = "<group>"; };
		072D41942C5BC62E00B1FB98 /* ContactsIconModel.swift */ = {isa = PBXFileReference; lastKnownFileType = sourcecode.swift; path = ContactsIconModel.swift; sourceTree = "<group>"; };
		072D41962C5C8FD500B1FB98 /* add.png */ = {isa = PBXFileReference; lastKnownFileType = image.png; path = add.png; sourceTree = "<group>"; };
		073D059D2E30DA7F00F000B3 /* GoalsModel.swift */ = {isa = PBXFileReference; lastKnownFileType = sourcecode.swift; path = GoalsModel.swift; sourceTree = "<group>"; };
		073D05E72E3A2AD700F000B3 /* activeOta.pb.swift */ = {isa = PBXFileReference; lastKnownFileType = sourcecode.swift; path = activeOta.pb.swift; sourceTree = "<group>"; };
		073D05E82E3A2AD700F000B3 /* zsWeather.pb.swift */ = {isa = PBXFileReference; lastKnownFileType = sourcecode.swift; path = zsWeather.pb.swift; sourceTree = "<group>"; };
		073DE4A22E12DBD900FA2B97 /* netWork.pb.swift */ = {isa = PBXFileReference; lastKnownFileType = sourcecode.swift; path = netWork.pb.swift; sourceTree = "<group>"; };
		073DE4B82E1B6C8A00FA2B97 /* DialVideoViewController.swift */ = {isa = PBXFileReference; lastKnownFileType = sourcecode.swift; path = DialVideoViewController.swift; sourceTree = "<group>"; };
		073DE4BC2E1BE00000FA2B97 /* video.zip */ = {isa = PBXFileReference; lastKnownFileType = archive.zip; path = video.zip; sourceTree = "<group>"; };
		073E04C22C198019009EA116 /* CW06G_TITAD101_01.zip */ = {isa = PBXFileReference; lastKnownFileType = archive.zip; path = CW06G_TITAD101_01.zip; sourceTree = "<group>"; };
		073FD2422E5D548A00652FCF /* bloodPressure.pb.swift */ = {isa = PBXFileReference; lastKnownFileType = sourcecode.swift; path = bloodPressure.pb.swift; sourceTree = "<group>"; };
		073FD2432E5D548A00652FCF /* cardioFitness.pb.swift */ = {isa = PBXFileReference; lastKnownFileType = sourcecode.swift; path = cardioFitness.pb.swift; sourceTree = "<group>"; };
		073FD2442E5D548A00652FCF /* ephemeris.pb.swift */ = {isa = PBXFileReference; lastKnownFileType = sourcecode.swift; path = ephemeris.pb.swift; sourceTree = "<group>"; };
		073FD2452E5D548A00652FCF /* medicine.pb.swift */ = {isa = PBXFileReference; lastKnownFileType = sourcecode.swift; path = medicine.pb.swift; sourceTree = "<group>"; };
		0750C9312B99756400D8E7A0 /* func6_pink.zip */ = {isa = PBXFileReference; lastKnownFileType = archive.zip; path = func6_pink.zip; sourceTree = "<group>"; };
		0750C9332B99AC9F00D8E7A0 /* BaseSheetView.swift */ = {isa = PBXFileReference; fileEncoding = 4; lastKnownFileType = sourcecode.swift; path = BaseSheetView.swift; sourceTree = "<group>"; };
		0750C9352B99AED500D8E7A0 /* CustomSheetView.swift */ = {isa = PBXFileReference; lastKnownFileType = sourcecode.swift; path = CustomSheetView.swift; sourceTree = "<group>"; };
		077A60B12B677ED100AFEB2B /* CASIO01_01.zip */ = {isa = PBXFileReference; lastKnownFileType = archive.zip; path = CASIO01_01.zip; sourceTree = "<group>"; };
		077A60B32B679A5300AFEB2B /* DialParseModel.swift */ = {isa = PBXFileReference; lastKnownFileType = sourcecode.swift; path = DialParseModel.swift; sourceTree = "<group>"; };
		077A60B52B67AB8F00AFEB2B /* acti06_2.zip */ = {isa = PBXFileReference; lastKnownFileType = archive.zip; path = acti06_2.zip; sourceTree = "<group>"; };
		077A60B72B67AFDC00AFEB2B /* extension_color.swift */ = {isa = PBXFileReference; lastKnownFileType = sourcecode.swift; path = extension_color.swift; sourceTree = "<group>"; };
		077A60B92B67B37300AFEB2B /* DialViewController.swift */ = {isa = PBXFileReference; lastKnownFileType = sourcecode.swift; path = DialViewController.swift; sourceTree = "<group>"; };
		07941D292BCBE0CB00CBFB62 /* DialPhotoParseModel.swift */ = {isa = PBXFileReference; lastKnownFileType = sourcecode.swift; path = DialPhotoParseModel.swift; sourceTree = "<group>"; };
		07941D2B2BCBE58000CBFB62 /* circlePhoto.zip */ = {isa = PBXFileReference; lastKnownFileType = archive.zip; path = circlePhoto.zip; sourceTree = "<group>"; };
		07941D352BCEB4BB00CBFB62 /* squarePhoto.zip */ = {isa = PBXFileReference; lastKnownFileType = archive.zip; path = squarePhoto.zip; sourceTree = "<group>"; };
		07985ACF2BA0816700F8EE01 /* Act06_1201_03.zip */ = {isa = PBXFileReference; lastKnownFileType = archive.zip; path = Act06_1201_03.zip; sourceTree = "<group>"; };
		07985AD02BA0816700F8EE01 /* Fun_061211_05_2.zip */ = {isa = PBXFileReference; lastKnownFileType = archive.zip; path = Fun_061211_05_2.zip; sourceTree = "<group>"; };
		07985AD12BA0816700F8EE01 /* Fun061101_03.zip */ = {isa = PBXFileReference; lastKnownFileType = archive.zip; path = Fun061101_03.zip; sourceTree = "<group>"; };
		079A21552B29A24A00F5D013 /* .gitkeep */ = {isa = PBXFileReference; fileEncoding = 4; lastKnownFileType = text; path = .gitkeep; sourceTree = "<group>"; };
		079A215D2B29A71A00F5D013 /* CreekSDK.swift */ = {isa = PBXFileReference; fileEncoding = 4; lastKnownFileType = sourcecode.swift; path = CreekSDK.swift; sourceTree = "<group>"; };
		079A215E2B29A71A00F5D013 /* Log.swift */ = {isa = PBXFileReference; fileEncoding = 4; lastKnownFileType = sourcecode.swift; path = Log.swift; sourceTree = "<group>"; };
		079A215F2B29A71A00F5D013 /* CreekSDKExtension.swift */ = {isa = PBXFileReference; fileEncoding = 4; lastKnownFileType = sourcecode.swift; path = CreekSDKExtension.swift; sourceTree = "<group>"; };
		079A21602B29A71A00F5D013 /* CreekEnum.swift */ = {isa = PBXFileReference; fileEncoding = 4; lastKnownFileType = sourcecode.swift; path = CreekEnum.swift; sourceTree = "<group>"; };
		079A21662B29A72A00F5D013 /* NoiseModel.swift */ = {isa = PBXFileReference; fileEncoding = 4; lastKnownFileType = sourcecode.swift; path = NoiseModel.swift; sourceTree = "<group>"; };
		079A21672B29A72A00F5D013 /* ParseJson.swift */ = {isa = PBXFileReference; fileEncoding = 4; lastKnownFileType = sourcecode.swift; path = ParseJson.swift; sourceTree = "<group>"; };
		079A21682B29A72A00F5D013 /* StressModel.swift */ = {isa = PBXFileReference; fileEncoding = 4; lastKnownFileType = sourcecode.swift; path = StressModel.swift; sourceTree = "<group>"; };
		079A21692B29A72A00F5D013 /* PhoneModel.swift */ = {isa = PBXFileReference; fileEncoding = 4; lastKnownFileType = sourcecode.swift; path = PhoneModel.swift; sourceTree = "<group>"; };
		079A216A2B29A72A00F5D013 /* DeviceModel.swift */ = {isa = PBXFileReference; fileEncoding = 4; lastKnownFileType = sourcecode.swift; path = DeviceModel.swift; sourceTree = "<group>"; };
		079A216B2B29A72A00F5D013 /* EventReportModel.swift */ = {isa = PBXFileReference; fileEncoding = 4; lastKnownFileType = sourcecode.swift; path = EventReportModel.swift; sourceTree = "<group>"; };
		079A216C2B29A72A00F5D013 /* SportModel.swift */ = {isa = PBXFileReference; fileEncoding = 4; lastKnownFileType = sourcecode.swift; path = SportModel.swift; sourceTree = "<group>"; };
		079A216D2B29A72A00F5D013 /* SleepModel.swift */ = {isa = PBXFileReference; fileEncoding = 4; lastKnownFileType = sourcecode.swift; path = SleepModel.swift; sourceTree = "<group>"; };
		079A216E2B29A72A00F5D013 /* NoticeUpdateModel.swift */ = {isa = PBXFileReference; fileEncoding = 4; lastKnownFileType = sourcecode.swift; path = NoticeUpdateModel.swift; sourceTree = "<group>"; };
		079A216F2B29A72A00F5D013 /* BaseModel.swift */ = {isa = PBXFileReference; fileEncoding = 4; lastKnownFileType = sourcecode.swift; path = BaseModel.swift; sourceTree = "<group>"; };
		079A21702B29A72A00F5D013 /* OxygenModel.swift */ = {isa = PBXFileReference; fileEncoding = 4; lastKnownFileType = sourcecode.swift; path = OxygenModel.swift; sourceTree = "<group>"; };
		079A21712B29A72A00F5D013 /* DeviceInfo.swift */ = {isa = PBXFileReference; fileEncoding = 4; lastKnownFileType = sourcecode.swift; path = DeviceInfo.swift; sourceTree = "<group>"; };
		079A21722B29A72A00F5D013 /* ActivityModel.swift */ = {isa = PBXFileReference; fileEncoding = 4; lastKnownFileType = sourcecode.swift; path = ActivityModel.swift; sourceTree = "<group>"; };
		079A21732B29A72A00F5D013 /* HeartRateModel.swift */ = {isa = PBXFileReference; fileEncoding = 4; lastKnownFileType = sourcecode.swift; path = HeartRateModel.swift; sourceTree = "<group>"; };
		079A21742B29A72A00F5D013 /* HrvModel.swift */ = {isa = PBXFileReference; fileEncoding = 4; lastKnownFileType = sourcecode.swift; path = HrvModel.swift; sourceTree = "<group>"; };
		079A21752B29A72A00F5D013 /* EphemerisModel.swift */ = {isa = PBXFileReference; fileEncoding = 4; lastKnownFileType = sourcecode.swift; path = EphemerisModel.swift; sourceTree = "<group>"; };
		079A21D52B29A7E600F5D013 /* CreekInterFace.swift */ = {isa = PBXFileReference; fileEncoding = 4; lastKnownFileType = sourcecode.swift; path = CreekInterFace.swift; sourceTree = "<group>"; };
		079A21D92B29B0B700F5D013 /* GlobalDefine.swift */ = {isa = PBXFileReference; fileEncoding = 4; lastKnownFileType = sourcecode.swift; path = GlobalDefine.swift; sourceTree = "<group>"; };
		079A21DA2B29B0B700F5D013 /* PonyAlert.swift */ = {isa = PBXFileReference; fileEncoding = 4; lastKnownFileType = sourcecode.swift; path = PonyAlert.swift; sourceTree = "<group>"; };
		079A21DB2B29B0B700F5D013 /* PonyBaseViewController.swift */ = {isa = PBXFileReference; fileEncoding = 4; lastKnownFileType = sourcecode.swift; path = PonyBaseViewController.swift; sourceTree = "<group>"; };
		079A21DF2B29B0FA00F5D013 /* ScanDeviceViewController.swift */ = {isa = PBXFileReference; fileEncoding = 4; lastKnownFileType = sourcecode.swift; path = ScanDeviceViewController.swift; sourceTree = "<group>"; };
		079A21E02B29B0FA00F5D013 /* CommandReplyViewController.swift */ = {isa = PBXFileReference; fileEncoding = 4; lastKnownFileType = sourcecode.swift; path = CommandReplyViewController.swift; sourceTree = "<group>"; };
		079D06EC2E87CD570088C49A /* hydrateAassistant.pb.swift */ = {isa = PBXFileReference; lastKnownFileType = sourcecode.swift; path = hydrateAassistant.pb.swift; sourceTree = "<group>"; };
		079D06ED2E87CD570088C49A /* multifileTran.pb.swift */ = {isa = PBXFileReference; lastKnownFileType = sourcecode.swift; path = multifileTran.pb.swift; sourceTree = "<group>"; };
		079D06EE2E87CD570088C49A /* qrcodeList.pb.swift */ = {isa = PBXFileReference; lastKnownFileType = sourcecode.swift; path = qrcodeList.pb.swift; sourceTree = "<group>"; };
		07A73BB12BF20C67007EFFB3 /* UpgradeModel.swift */ = {isa = PBXFileReference; lastKnownFileType = sourcecode.swift; path = UpgradeModel.swift; sourceTree = "<group>"; };
		07A73BB32BF211C0007EFFB3 /* titan.zip */ = {isa = PBXFileReference; lastKnownFileType = archive.zip; path = titan.zip; sourceTree = "<group>"; };
		07AEC4452BE7916200D49A1B /* PrivacyInfo.xcprivacy */ = {isa = PBXFileReference; fileEncoding = 4; lastKnownFileType = text.xml; path = PrivacyInfo.xcprivacy; sourceTree = "<group>"; };
		07BDFAEF2B68D504009AD3D2 /* DialDetailsViewController.swift */ = {isa = PBXFileReference; lastKnownFileType = sourcecode.swift; path = DialDetailsViewController.swift; sourceTree = "<group>"; };
		07BDFAF12B68E820009AD3D2 /* ZBSlideBar.swift */ = {isa = PBXFileReference; fileEncoding = 4; lastKnownFileType = sourcecode.swift; path = ZBSlideBar.swift; sourceTree = "<group>"; };
		07C8FBAD2BD7F2620047D112 /* EphemerisGPSModel.swift */ = {isa = PBXFileReference; lastKnownFileType = sourcecode.swift; path = EphemerisGPSModel.swift; sourceTree = "<group>"; };
		07D139772BC51EF8009405D2 /* DialPhotoViewController.swift */ = {isa = PBXFileReference; lastKnownFileType = sourcecode.swift; path = DialPhotoViewController.swift; sourceTree = "<group>"; };
		07D139792BC64592009405D2 /* CameraPopView.swift */ = {isa = PBXFileReference; fileEncoding = 4; lastKnownFileType = sourcecode.swift; path = CameraPopView.swift; sourceTree = "<group>"; };
		0E8D4E99CF53DF6D7CE84C56 /* Pods-CreekSDK_Example.release.xcconfig */ = {isa = PBXFileReference; includeInIndex = 1; lastKnownFileType = text.xcconfig; name = "Pods-CreekSDK_Example.release.xcconfig"; path = "Target Support Files/Pods-CreekSDK_Example/Pods-CreekSDK_Example.release.xcconfig"; sourceTree = "<group>"; };
		41D8A88C06A2AB38F6B43DBA /* Pods-CreekSDK_Example.debug.xcconfig */ = {isa = PBXFileReference; includeInIndex = 1; lastKnownFileType = text.xcconfig; name = "Pods-CreekSDK_Example.debug.xcconfig"; path = "Target Support Files/Pods-CreekSDK_Example/Pods-CreekSDK_Example.debug.xcconfig"; sourceTree = "<group>"; };
		5B9F1989C1F7E6B6DC7E2067 /* Pods_CreekSDK_Example.framework */ = {isa = PBXFileReference; explicitFileType = wrapper.framework; includeInIndex = 0; path = Pods_CreekSDK_Example.framework; sourceTree = BUILT_PRODUCTS_DIR; };
		607FACD01AFB9204008FA782 /* CreekSDK_Example.app */ = {isa = PBXFileReference; explicitFileType = wrapper.application; includeInIndex = 0; path = CreekSDK_Example.app; sourceTree = BUILT_PRODUCTS_DIR; };
		607FACD41AFB9204008FA782 /* Info.plist */ = {isa = PBXFileReference; lastKnownFileType = text.plist.xml; path = Info.plist; sourceTree = "<group>"; };
		607FACD51AFB9204008FA782 /* AppDelegate.swift */ = {isa = PBXFileReference; lastKnownFileType = sourcecode.swift; path = AppDelegate.swift; sourceTree = "<group>"; };
		607FACD71AFB9204008FA782 /* ViewController.swift */ = {isa = PBXFileReference; lastKnownFileType = sourcecode.swift; path = ViewController.swift; sourceTree = "<group>"; };
		607FACDA1AFB9204008FA782 /* Base */ = {isa = PBXFileReference; lastKnownFileType = file.storyboard; name = Base; path = Base.lproj/Main.storyboard; sourceTree = "<group>"; };
		607FACDC1AFB9204008FA782 /* Images.xcassets */ = {isa = PBXFileReference; lastKnownFileType = folder.assetcatalog; path = Images.xcassets; sourceTree = "<group>"; };
		607FACDF1AFB9204008FA782 /* Base */ = {isa = PBXFileReference; lastKnownFileType = file.xib; name = Base; path = Base.lproj/LaunchScreen.xib; sourceTree = "<group>"; };
		69F2B4B0C8838C152A7AC3B7 /* README.md */ = {isa = PBXFileReference; includeInIndex = 1; lastKnownFileType = net.daringfireball.markdown; name = README.md; path = ../README.md; sourceTree = "<group>"; };
		7010E1C78F779EB1911230E1 /* LICENSE */ = {isa = PBXFileReference; includeInIndex = 1; lastKnownFileType = text; name = LICENSE; path = ../LICENSE; sourceTree = "<group>"; };
		9C9DF34213BA917D34C3310F /* CreekSDK.podspec */ = {isa = PBXFileReference; includeInIndex = 1; lastKnownFileType = text; name = CreekSDK.podspec; path = ../CreekSDK.podspec; sourceTree = "<group>"; xcLanguageSpecificationIdentifier = xcode.lang.ruby; };
		C44BFBA42E8A400200E63C19 /* GPSModel.swift */ = {isa = PBXFileReference; lastKnownFileType = sourcecode.swift; path = GPSModel.swift; sourceTree = "<group>"; };
		C4524E332E797EA800F91EBA /* trainingLoad.pb.swift */ = {isa = PBXFileReference; lastKnownFileType = sourcecode.swift; path = trainingLoad.pb.swift; sourceTree = "<group>"; };
		C4524E352E797EE700F91EBA /* cardioFitness.pb.swift */ = {isa = PBXFileReference; lastKnownFileType = sourcecode.swift; path = cardioFitness.pb.swift; sourceTree = "<group>"; };
		C46B44C92E6840CA00069759 /* volumeAdjust.pb.swift */ = {isa = PBXFileReference; lastKnownFileType = sourcecode.swift; path = volumeAdjust.pb.swift; sourceTree = "<group>"; };
		C47349312E86C58A00DE8374 /* AfModel.swift */ = {isa = PBXFileReference; lastKnownFileType = sourcecode.swift; path = AfModel.swift; sourceTree = "<group>"; };
		C47349332E86C59900DE8374 /* AfPpgModel.swift */ = {isa = PBXFileReference; lastKnownFileType = sourcecode.swift; path = AfPpgModel.swift; sourceTree = "<group>"; };
/* End PBXFileReference section */

/* Begin PBXFrameworksBuildPhase section */
		607FACCD1AFB9204008FA782 /* Frameworks */ = {
			isa = PBXFrameworksBuildPhase;
			buildActionMask = 2147483647;
			files = (
				4ADBCA62C349B648744043ED /* Pods_CreekSDK_Example.framework in Frameworks */,
			);
			runOnlyForDeploymentPostprocessing = 0;
		};
/* End PBXFrameworksBuildPhase section */

/* Begin PBXGroup section */
		079A21532B29A24A00F5D013 /* CreekSDK */ = {
			isa = PBXGroup;
			children = (
				07AEC4462BE7916200D49A1B /* Resources */,
				079A21542B29A24A00F5D013 /* Classes */,
				079A21572B29A24A00F5D013 /* Assets */,
			);
			name = CreekSDK;
			path = ../CreekSDK;
			sourceTree = "<group>";
		};
		079A21542B29A24A00F5D013 /* Classes */ = {
			isa = PBXGroup;
			children = (
				079A21862B29A74300F5D013 /* proto */,
				079A21652B29A72A00F5D013 /* model */,
				079A215C2B29A71A00F5D013 /* extension */,
				079A21552B29A24A00F5D013 /* .gitkeep */,
				079A21D52B29A7E600F5D013 /* CreekInterFace.swift */,
			);
			path = Classes;
			sourceTree = "<group>";
		};
		079A21572B29A24A00F5D013 /* Assets */ = {
			isa = PBXGroup;
			children = (
			);
			path = Assets;
			sourceTree = "<group>";
		};
		079A215C2B29A71A00F5D013 /* extension */ = {
			isa = PBXGroup;
			children = (
				079A215D2B29A71A00F5D013 /* CreekSDK.swift */,
				079A215E2B29A71A00F5D013 /* Log.swift */,
				079A215F2B29A71A00F5D013 /* CreekSDKExtension.swift */,
				079A21602B29A71A00F5D013 /* CreekEnum.swift */,
			);
			path = extension;
			sourceTree = "<group>";
		};
		079A21652B29A72A00F5D013 /* model */ = {
			isa = PBXGroup;
			children = (
				C44BFBA42E8A400200E63C19 /* GPSModel.swift */,
				C47349312E86C58A00DE8374 /* AfModel.swift */,
				C47349332E86C59900DE8374 /* AfPpgModel.swift */,
				079A21662B29A72A00F5D013 /* NoiseModel.swift */,
				079A21672B29A72A00F5D013 /* ParseJson.swift */,
				079A21682B29A72A00F5D013 /* StressModel.swift */,
				079A21692B29A72A00F5D013 /* PhoneModel.swift */,
				079A216A2B29A72A00F5D013 /* DeviceModel.swift */,
				079A216B2B29A72A00F5D013 /* EventReportModel.swift */,
				079A216C2B29A72A00F5D013 /* SportModel.swift */,
				079A216D2B29A72A00F5D013 /* SleepModel.swift */,
				079A216E2B29A72A00F5D013 /* NoticeUpdateModel.swift */,
				079A216F2B29A72A00F5D013 /* BaseModel.swift */,
				079A21702B29A72A00F5D013 /* OxygenModel.swift */,
				079A21712B29A72A00F5D013 /* DeviceInfo.swift */,
				079A21722B29A72A00F5D013 /* ActivityModel.swift */,
				079A21732B29A72A00F5D013 /* HeartRateModel.swift */,
				079A21742B29A72A00F5D013 /* HrvModel.swift */,
				079A21752B29A72A00F5D013 /* EphemerisModel.swift */,
				077A60B32B679A5300AFEB2B /* DialParseModel.swift */,
				07C8FBAD2BD7F2620047D112 /* EphemerisGPSModel.swift */,
				07941D292BCBE0CB00CBFB62 /* DialPhotoParseModel.swift */,
				0702F1AF2BBA59BF00712684 /* ProtoExtension.swift */,
				07A73BB12BF20C67007EFFB3 /* UpgradeModel.swift */,
				072D41942C5BC62E00B1FB98 /* ContactsIconModel.swift */,
				07266C2D2DACFDEB000F8BED /* MusicModel.swift */,
				07266C2F2DAD01DE000F8BED /* CourseModel.swift */,
				073D059D2E30DA7F00F000B3 /* GoalsModel.swift */,
			);
			path = model;
			sourceTree = "<group>";
		};
		079A21862B29A74300F5D013 /* proto */ = {
			isa = PBXGroup;
			children = (
				079D06EC2E87CD570088C49A /* hydrateAassistant.pb.swift */,
				079D06ED2E87CD570088C49A /* multifileTran.pb.swift */,
				079D06EE2E87CD570088C49A /* qrcodeList.pb.swift */,
				073FD2422E5D548A00652FCF /* bloodPressure.pb.swift */,
				073FD2432E5D548A00652FCF /* cardioFitness.pb.swift */,
				073FD2442E5D548A00652FCF /* ephemeris.pb.swift */,
				073FD2452E5D548A00652FCF /* medicine.pb.swift */,
				073D05E72E3A2AD700F000B3 /* activeOta.pb.swift */,
				073D05E82E3A2AD700F000B3 /* zsWeather.pb.swift */,
				073DE4A22E12DBD900FA2B97 /* netWork.pb.swift */,
				07266C352DAF60F0000F8BED /* geo.pb.swift */,
				07266BB92DACF260000F8BED /* alarm.pb.swift */,
				07266BBA2DACF260000F8BED /* alexa.pb.swift */,
				07266BBB2DACF260000F8BED /* alipay.pb.swift */,
				07266BBC2DACF260000F8BED /* applets.pb.swift */,
				07266BBD2DACF260000F8BED /* appList.pb.swift */,
				07266BBE2DACF260000F8BED /* appSleep.pb.swift */,
				07266BBF2DACF260000F8BED /* appTable.pb.swift */,
				07266BC02DACF260000F8BED /* binding.pb.swift */,
				07266BC12DACF260000F8BED /* calendar.pb.swift */,
				07266BC22DACF260000F8BED /* call.pb.swift */,
				07266BC32DACF260000F8BED /* card.pb.swift */,
				07266BC42DACF260000F8BED /* contacts.pb.swift */,
				07266BC52DACF260000F8BED /* contactssos.pb.swift */,
				07266BC62DACF260000F8BED /* deviceinfo.pb.swift */,
				07266BC72DACF260000F8BED /* disturb.pb.swift */,
				07266BC82DACF260000F8BED /* enums.pb.swift */,
				07266BC92DACF260000F8BED /* event.pb.swift */,
				07266BCA2DACF260000F8BED /* findphone.pb.swift */,
				07266BCB2DACF260000F8BED /* focus.pb.swift */,
				07266BCC2DACF260000F8BED /* font.pb.swift */,
				C4524E352E797EE700F91EBA /* cardioFitness.pb.swift */,
				07266BCD2DACF260000F8BED /* gesture.pb.swift */,
				07266BCE2DACF260000F8BED /* health.pb.swift */,
				07266BCF2DACF260000F8BED /* healthhead.pb.swift */,
				07266BD02DACF260000F8BED /* healthsnapshot.pb.swift */,
				07266BD12DACF260000F8BED /* hotKey.pb.swift */,
				07266BD22DACF260000F8BED /* language.pb.swift */,
				07266BD32DACF260000F8BED /* log.pb.swift */,
				C4524E332E797EA800F91EBA /* trainingLoad.pb.swift */,
				07266BD42DACF260000F8BED /* menstrual.pb.swift */,
				07266BD52DACF260000F8BED /* message.pb.swift */,
				07266BD62DACF260000F8BED /* monitor.pb.swift */,
				07266BD72DACF260000F8BED /* morning.pb.swift */,
				07266BD82DACF260000F8BED /* mtu.pb.swift */,
				07266BD92DACF260000F8BED /* music.pb.swift */,
				07266BDA2DACF260000F8BED /* pspkey.pb.swift */,
				07266BDB2DACF260000F8BED /* ring.pb.swift */,
				07266BDC2DACF260000F8BED /* schedule.pb.swift */,
				07266BDD2DACF260000F8BED /* screen.pb.swift */,
				07266BDE2DACF260000F8BED /* sensor.pb.swift */,
				07266BDF2DACF260000F8BED /* skill.pb.swift */,
				07266BE02DACF260000F8BED /* sleepMonitor.pb.swift */,
				07266BE12DACF260000F8BED /* sport.pb.swift */,
				07266BE22DACF260000F8BED /* sportPrescription.pb.swift */,
				07266BE32DACF260000F8BED /* standing.pb.swift */,
				07266BE42DACF260000F8BED /* system.pb.swift */,
				C46B44C92E6840CA00069759 /* volumeAdjust.pb.swift */,
				07266BE52DACF260000F8BED /* table.pb.swift */,
				07266BE62DACF260000F8BED /* time.pb.swift */,
				07266BE72DACF260000F8BED /* tracking.pb.swift */,
				07266BE82DACF260000F8BED /* update.pb.swift */,
				07266BE92DACF260000F8BED /* userinfo.pb.swift */,
				07266BEA2DACF260000F8BED /* voice.pb.swift */,
				07266BEB2DACF260000F8BED /* watchdial.pb.swift */,
				07266BEC2DACF260000F8BED /* watchdirection.pb.swift */,
				07266BED2DACF260000F8BED /* watchSensor.pb.swift */,
				07266BEE2DACF260000F8BED /* waterAssistant.pb.swift */,
				07266BEF2DACF260000F8BED /* waterMonitor.pb.swift */,
				07266BF02DACF260000F8BED /* weather.pb.swift */,
				07266BF12DACF260000F8BED /* wordtime.pb.swift */,
				07266BF22DACF260000F8BED /* wtm.pb.swift */,
			);
			path = proto;
			sourceTree = "<group>";
		};
		079A21D82B29B0B700F5D013 /* base */ = {
			isa = PBXGroup;
			children = (
				07D139792BC64592009405D2 /* CameraPopView.swift */,
				0750C9332B99AC9F00D8E7A0 /* BaseSheetView.swift */,
				079A21D92B29B0B700F5D013 /* GlobalDefine.swift */,
				079A21DA2B29B0B700F5D013 /* PonyAlert.swift */,
				079A21DB2B29B0B700F5D013 /* PonyBaseViewController.swift */,
				077A60B72B67AFDC00AFEB2B /* extension_color.swift */,
			);
			path = base;
			sourceTree = "<group>";
		};
		07AEC4462BE7916200D49A1B /* Resources */ = {
			isa = PBXGroup;
			children = (
				07AEC4452BE7916200D49A1B /* PrivacyInfo.xcprivacy */,
			);
			path = Resources;
			sourceTree = "<group>";
		};
		24B76D1985946C4EDE6E2559 /* Pods */ = {
			isa = PBXGroup;
			children = (
				41D8A88C06A2AB38F6B43DBA /* Pods-CreekSDK_Example.debug.xcconfig */,
				0E8D4E99CF53DF6D7CE84C56 /* Pods-CreekSDK_Example.release.xcconfig */,
			);
			path = Pods;
			sourceTree = "<group>";
		};
		365C4CCB7E443197404BB863 /* Frameworks */ = {
			isa = PBXGroup;
			children = (
				5B9F1989C1F7E6B6DC7E2067 /* Pods_CreekSDK_Example.framework */,
			);
			name = Frameworks;
			sourceTree = "<group>";
		};
		607FACC71AFB9204008FA782 = {
			isa = PBXGroup;
			children = (
				079A21532B29A24A00F5D013 /* CreekSDK */,
				607FACF51AFB993E008FA782 /* Podspec Metadata */,
				607FACD21AFB9204008FA782 /* Example for CreekSDK */,
				607FACD11AFB9204008FA782 /* Products */,
				24B76D1985946C4EDE6E2559 /* Pods */,
				365C4CCB7E443197404BB863 /* Frameworks */,
			);
			indentWidth = 3;
			sourceTree = "<group>";
		};
		607FACD11AFB9204008FA782 /* Products */ = {
			isa = PBXGroup;
			children = (
				607FACD01AFB9204008FA782 /* CreekSDK_Example.app */,
			);
			name = Products;
			sourceTree = "<group>";
		};
		607FACD21AFB9204008FA782 /* Example for CreekSDK */ = {
			isa = PBXGroup;
			children = (
				072D41962C5C8FD500B1FB98 /* add.png */,
				073E04C22C198019009EA116 /* CW06G_TITAD101_01.zip */,
				07A73BB32BF211C0007EFFB3 /* titan.zip */,
				07941D352BCEB4BB00CBFB62 /* squarePhoto.zip */,
				07941D2B2BCBE58000CBFB62 /* circlePhoto.zip */,
				07985ACF2BA0816700F8EE01 /* Act06_1201_03.zip */,
				07985AD02BA0816700F8EE01 /* Fun_061211_05_2.zip */,
				07985AD12BA0816700F8EE01 /* Fun061101_03.zip */,
				0750C9312B99756400D8E7A0 /* func6_pink.zip */,
				077A60B52B67AB8F00AFEB2B /* acti06_2.zip */,
				077A60B12B677ED100AFEB2B /* CASIO01_01.zip */,
				073DE4BC2E1BE00000FA2B97 /* video.zip */,
				079A21D82B29B0B700F5D013 /* base */,
				607FACD51AFB9204008FA782 /* AppDelegate.swift */,
				607FACD71AFB9204008FA782 /* ViewController.swift */,
				077A60B92B67B37300AFEB2B /* DialViewController.swift */,
				07BDFAEF2B68D504009AD3D2 /* DialDetailsViewController.swift */,
				07D139772BC51EF8009405D2 /* DialPhotoViewController.swift */,
				073DE4B82E1B6C8A00FA2B97 /* DialVideoViewController.swift */,
				079A21E02B29B0FA00F5D013 /* CommandReplyViewController.swift */,
				079A21DF2B29B0FA00F5D013 /* ScanDeviceViewController.swift */,
				07BDFAF12B68E820009AD3D2 /* ZBSlideBar.swift */,
				0750C9352B99AED500D8E7A0 /* CustomSheetView.swift */,
				07266C312DAD0575000F8BED /* LogViewController.swift */,
				07266C332DAD1CAB000F8BED /* MusicViewController.swift */,
				07266C372DAF64DA000F8BED /* SportCourseViewController.swift */,
				07266C392DAFBBB4000F8BED /* RouteViewController.swift */,
				07266C3D2DAFEA29000F8BED /* OTAViewController.swift */,
				607FACD91AFB9204008FA782 /* Main.storyboard */,
				607FACDC1AFB9204008FA782 /* Images.xcassets */,
				607FACDE1AFB9204008FA782 /* LaunchScreen.xib */,
				607FACD31AFB9204008FA782 /* Supporting Files */,
			);
			name = "Example for CreekSDK";
			path = CreekSDK;
			sourceTree = "<group>";
		};
		607FACD31AFB9204008FA782 /* Supporting Files */ = {
			isa = PBXGroup;
			children = (
				607FACD41AFB9204008FA782 /* Info.plist */,
			);
			name = "Supporting Files";
			sourceTree = "<group>";
		};
		607FACF51AFB993E008FA782 /* Podspec Metadata */ = {
			isa = PBXGroup;
			children = (
				9C9DF34213BA917D34C3310F /* CreekSDK.podspec */,
				69F2B4B0C8838C152A7AC3B7 /* README.md */,
				7010E1C78F779EB1911230E1 /* LICENSE */,
			);
			name = "Podspec Metadata";
			sourceTree = "<group>";
		};
/* End PBXGroup section */

/* Begin PBXNativeTarget section */
		607FACCF1AFB9204008FA782 /* CreekSDK_Example */ = {
			isa = PBXNativeTarget;
			buildConfigurationList = 607FACEF1AFB9204008FA782 /* Build configuration list for PBXNativeTarget "CreekSDK_Example" */;
			buildPhases = (
				135A539ADC7F83C3B6844BF7 /* [CP] Check Pods Manifest.lock */,
				607FACCC1AFB9204008FA782 /* Sources */,
				607FACCD1AFB9204008FA782 /* Frameworks */,
				607FACCE1AFB9204008FA782 /* Resources */,
				D32F8ACD2FF038A8410EA577 /* [CP] Embed Pods Frameworks */,
				D7E3C3C0C0E3E18A51933EC8 /* [CP] Copy Pods Resources */,
			);
			buildRules = (
			);
			dependencies = (
			);
			name = CreekSDK_Example;
			productName = CreekSDK;
			productReference = 607FACD01AFB9204008FA782 /* CreekSDK_Example.app */;
			productType = "com.apple.product-type.application";
		};
/* End PBXNativeTarget section */

/* Begin PBXProject section */
		607FACC81AFB9204008FA782 /* Project object */ = {
			isa = PBXProject;
			attributes = {
				LastSwiftUpdateCheck = 0830;
				LastUpgradeCheck = 0830;
				ORGANIZATIONNAME = CocoaPods;
				TargetAttributes = {
					607FACCF1AFB9204008FA782 = {
						CreatedOnToolsVersion = 6.3.1;
						DevelopmentTeam = T65EE75V48;
						LastSwiftMigration = 0900;
					};
				};
			};
			buildConfigurationList = 607FACCB1AFB9204008FA782 /* Build configuration list for PBXProject "CreekSDK" */;
			compatibilityVersion = "Xcode 3.2";
			developmentRegion = English;
			hasScannedForEncodings = 0;
			knownRegions = (
				English,
				en,
				Base,
			);
			mainGroup = 607FACC71AFB9204008FA782;
			productRefGroup = 607FACD11AFB9204008FA782 /* Products */;
			projectDirPath = "";
			projectRoot = "";
			targets = (
				607FACCF1AFB9204008FA782 /* CreekSDK_Example */,
			);
		};
/* End PBXProject section */

/* Begin PBXResourcesBuildPhase section */
		607FACCE1AFB9204008FA782 /* Resources */ = {
			isa = PBXResourcesBuildPhase;
			buildActionMask = 2147483647;
			files = (
				07A73BB42BF211C0007EFFB3 /* titan.zip in Resources */,
				07985AD32BA0816700F8EE01 /* Fun_061211_05_2.zip in Resources */,
				607FACDB1AFB9204008FA782 /* Main.storyboard in Resources */,
				072D41972C5C8FD500B1FB98 /* add.png in Resources */,
				077A60B62B67AB8F00AFEB2B /* acti06_2.zip in Resources */,
				07AEC4472BE7916200D49A1B /* PrivacyInfo.xcprivacy in Resources */,
				07941D362BCEB4BB00CBFB62 /* squarePhoto.zip in Resources */,
				073E04C32C19801A009EA116 /* CW06G_TITAD101_01.zip in Resources */,
				073DE4BD2E1BE00000FA2B97 /* video.zip in Resources */,
				607FACE01AFB9204008FA782 /* LaunchScreen.xib in Resources */,
				0750C9322B99756400D8E7A0 /* func6_pink.zip in Resources */,
				07941D2C2BCBE58000CBFB62 /* circlePhoto.zip in Resources */,
				07985AD42BA0816700F8EE01 /* Fun061101_03.zip in Resources */,
				607FACDD1AFB9204008FA782 /* Images.xcassets in Resources */,
				07985AD22BA0816700F8EE01 /* Act06_1201_03.zip in Resources */,
				079A21592B29A24B00F5D013 /* .gitkeep in Resources */,
				077A60B22B677ED100AFEB2B /* CASIO01_01.zip in Resources */,
			);
			runOnlyForDeploymentPostprocessing = 0;
		};
/* End PBXResourcesBuildPhase section */

/* Begin PBXShellScriptBuildPhase section */
		135A539ADC7F83C3B6844BF7 /* [CP] Check Pods Manifest.lock */ = {
			isa = PBXShellScriptBuildPhase;
			buildActionMask = 2147483647;
			files = (
			);
			inputFileListPaths = (
			);
			inputPaths = (
				"${PODS_PODFILE_DIR_PATH}/Podfile.lock",
				"${PODS_ROOT}/Manifest.lock",
			);
			name = "[CP] Check Pods Manifest.lock";
			outputFileListPaths = (
			);
			outputPaths = (
				"$(DERIVED_FILE_DIR)/Pods-CreekSDK_Example-checkManifestLockResult.txt",
			);
			runOnlyForDeploymentPostprocessing = 0;
			shellPath = /bin/sh;
			shellScript = "diff \"${PODS_PODFILE_DIR_PATH}/Podfile.lock\" \"${PODS_ROOT}/Manifest.lock\" > /dev/null\nif [ $? != 0 ] ; then\n    # print error to STDERR\n    echo \"error: The sandbox is not in sync with the Podfile.lock. Run 'pod install' or update your CocoaPods installation.\" >&2\n    exit 1\nfi\n# This output is used by Xcode 'outputs' to avoid re-running this script phase.\necho \"SUCCESS\" > \"${SCRIPT_OUTPUT_FILE_0}\"\n";
			showEnvVarsInLog = 0;
		};
		D32F8ACD2FF038A8410EA577 /* [CP] Embed Pods Frameworks */ = {
			isa = PBXShellScriptBuildPhase;
			buildActionMask = 2147483647;
			files = (
			);
			inputPaths = (
				"${PODS_ROOT}/Target Support Files/Pods-CreekSDK_Example/Pods-CreekSDK_Example-frameworks.sh",
				"${PODS_ROOT}/../../Creek/sbc.framework",
				"${PODS_ROOT}/../../Creek/App.framework",
				"${PODS_ROOT}/../../Creek/creek_blue_manage.framework",
				"${PODS_ROOT}/../../Creek/flutter_blue_plus.framework",
				"${PODS_ROOT}/../../Creek/Flutter.framework",
				"${PODS_ROOT}/../../Creek/sqflite.framework",
				"${PODS_ROOT}/../../Creek/Protobuf.framework",
				"${PODS_ROOT}/../../Creek/shared_preferences_foundation.framework",
				"${PODS_ROOT}/../../Creek/FMDB.framework",
				"${PODS_ROOT}/../../Creek/actres.framework",
				"${PODS_ROOT}/../../Creek/image_clipper.framework",
				"${PODS_ROOT}/../../Creek/lz4.framework",
				"${PODS_ROOT}/../../Creek/ActResSdk.framework",
				"${PODS_ROOT}/../../Creek/flutter_contacts.framework",
				"${PODS_ROOT}/../../Creek/path_provider_foundation.framework",
				"${PODS_ROOT}/../../Creek/creek_sleep_stage_algorithm.framework",
				"${PODS_ROOT}/../../Creek/ffmpegkit.framework",
				"${PODS_ROOT}/../../Creek/libavcodec.framework",
				"${PODS_ROOT}/../../Creek/libavdevice.framework",
				"${PODS_ROOT}/../../Creek/libavfilter.framework",
				"${PODS_ROOT}/../../Creek/libavformat.framework",
				"${PODS_ROOT}/../../Creek/libavutil.framework",
				"${PODS_ROOT}/../../Creek/libswresample.framework",
				"${PODS_ROOT}/../../Creek/libswscale.framework",
				"${PODS_ROOT}/../../Creek/xfyun_speech.framework",
				"${PODS_ROOT}/../../Creek/package_info_plus.framework",
				"${PODS_ROOT}/../../Creek/connectivity_plus.framework",
				"${PODS_ROOT}/../../Creek/audio_session.framework",
				"${PODS_ROOT}/../../Creek/opus_bridge.framework",
				"${PODS_ROOT}/../../Creek/device_info.framework",
				"${PODS_ROOT}/../../Creek/creek_voice_assistant.framework",
				"${PODS_ROOT}/../../Creek/azure_speech.framework",
				"${PODS_ROOT}/../../Creek/OrderedSet.framework",
				"${PODS_ROOT}/../../Creek/flutter_native_timezone_updated_gradle.framework",
				"${PODS_ROOT}/../../Creek/device_calendar.framework",
				"${PODS_ROOT}/../../Creek/creek_index_convert.framework",
				"${BUILT_PRODUCTS_DIR}/CropViewController/CropViewController.framework",
				"${BUILT_PRODUCTS_DIR}/MBProgressHUD/MBProgressHUD.framework",
				"${BUILT_PRODUCTS_DIR}/SnapKit/SnapKit.framework",
				"${BUILT_PRODUCTS_DIR}/SwiftProtobuf/SwiftProtobuf.framework",
				"${BUILT_PRODUCTS_DIR}/TZImagePickerController/TZImagePickerController.framework",
				"${BUILT_PRODUCTS_DIR}/Toast-Swift/Toast_Swift.framework",
				"${BUILT_PRODUCTS_DIR}/ZIPFoundation/ZIPFoundation.framework",
				"${PODS_XCFRAMEWORKS_BUILD_DIR}/MicrosoftCognitiveServicesSpeech-iOS/MicrosoftCognitiveServicesSpeech.framework/MicrosoftCognitiveServicesSpeech",
			);
			name = "[CP] Embed Pods Frameworks";
			outputPaths = (
				"${TARGET_BUILD_DIR}/${FRAMEWORKS_FOLDER_PATH}/sbc.framework",
				"${TARGET_BUILD_DIR}/${FRAMEWORKS_FOLDER_PATH}/App.framework",
				"${TARGET_BUILD_DIR}/${FRAMEWORKS_FOLDER_PATH}/creek_blue_manage.framework",
				"${TARGET_BUILD_DIR}/${FRAMEWORKS_FOLDER_PATH}/flutter_blue_plus.framework",
				"${TARGET_BUILD_DIR}/${FRAMEWORKS_FOLDER_PATH}/Flutter.framework",
				"${TARGET_BUILD_DIR}/${FRAMEWORKS_FOLDER_PATH}/sqflite.framework",
				"${TARGET_BUILD_DIR}/${FRAMEWORKS_FOLDER_PATH}/Protobuf.framework",
				"${TARGET_BUILD_DIR}/${FRAMEWORKS_FOLDER_PATH}/shared_preferences_foundation.framework",
				"${TARGET_BUILD_DIR}/${FRAMEWORKS_FOLDER_PATH}/FMDB.framework",
				"${TARGET_BUILD_DIR}/${FRAMEWORKS_FOLDER_PATH}/actres.framework",
				"${TARGET_BUILD_DIR}/${FRAMEWORKS_FOLDER_PATH}/image_clipper.framework",
				"${TARGET_BUILD_DIR}/${FRAMEWORKS_FOLDER_PATH}/lz4.framework",
				"${TARGET_BUILD_DIR}/${FRAMEWORKS_FOLDER_PATH}/ActResSdk.framework",
				"${TARGET_BUILD_DIR}/${FRAMEWORKS_FOLDER_PATH}/flutter_contacts.framework",
				"${TARGET_BUILD_DIR}/${FRAMEWORKS_FOLDER_PATH}/path_provider_foundation.framework",
				"${TARGET_BUILD_DIR}/${FRAMEWORKS_FOLDER_PATH}/creek_sleep_stage_algorithm.framework",
				"${TARGET_BUILD_DIR}/${FRAMEWORKS_FOLDER_PATH}/ffmpegkit.framework",
				"${TARGET_BUILD_DIR}/${FRAMEWORKS_FOLDER_PATH}/libavcodec.framework",
				"${TARGET_BUILD_DIR}/${FRAMEWORKS_FOLDER_PATH}/libavdevice.framework",
				"${TARGET_BUILD_DIR}/${FRAMEWORKS_FOLDER_PATH}/libavfilter.framework",
				"${TARGET_BUILD_DIR}/${FRAMEWORKS_FOLDER_PATH}/libavformat.framework",
				"${TARGET_BUILD_DIR}/${FRAMEWORKS_FOLDER_PATH}/libavutil.framework",
				"${TARGET_BUILD_DIR}/${FRAMEWORKS_FOLDER_PATH}/libswresample.framework",
				"${TARGET_BUILD_DIR}/${FRAMEWORKS_FOLDER_PATH}/libswscale.framework",
				"${TARGET_BUILD_DIR}/${FRAMEWORKS_FOLDER_PATH}/xfyun_speech.framework",
				"${TARGET_BUILD_DIR}/${FRAMEWORKS_FOLDER_PATH}/package_info_plus.framework",
				"${TARGET_BUILD_DIR}/${FRAMEWORKS_FOLDER_PATH}/connectivity_plus.framework",
				"${TARGET_BUILD_DIR}/${FRAMEWORKS_FOLDER_PATH}/audio_session.framework",
				"${TARGET_BUILD_DIR}/${FRAMEWORKS_FOLDER_PATH}/opus_bridge.framework",
				"${TARGET_BUILD_DIR}/${FRAMEWORKS_FOLDER_PATH}/device_info.framework",
				"${TARGET_BUILD_DIR}/${FRAMEWORKS_FOLDER_PATH}/creek_voice_assistant.framework",
				"${TARGET_BUILD_DIR}/${FRAMEWORKS_FOLDER_PATH}/azure_speech.framework",
				"${TARGET_BUILD_DIR}/${FRAMEWORKS_FOLDER_PATH}/OrderedSet.framework",
				"${TARGET_BUILD_DIR}/${FRAMEWORKS_FOLDER_PATH}/flutter_native_timezone_updated_gradle.framework",
				"${TARGET_BUILD_DIR}/${FRAMEWORKS_FOLDER_PATH}/device_calendar.framework",
				"${TARGET_BUILD_DIR}/${FRAMEWORKS_FOLDER_PATH}/creek_index_convert.framework",
				"${TARGET_BUILD_DIR}/${FRAMEWORKS_FOLDER_PATH}/CropViewController.framework",
				"${TARGET_BUILD_DIR}/${FRAMEWORKS_FOLDER_PATH}/MBProgressHUD.framework",
				"${TARGET_BUILD_DIR}/${FRAMEWORKS_FOLDER_PATH}/SnapKit.framework",
				"${TARGET_BUILD_DIR}/${FRAMEWORKS_FOLDER_PATH}/SwiftProtobuf.framework",
				"${TARGET_BUILD_DIR}/${FRAMEWORKS_FOLDER_PATH}/TZImagePickerController.framework",
				"${TARGET_BUILD_DIR}/${FRAMEWORKS_FOLDER_PATH}/Toast_Swift.framework",
				"${TARGET_BUILD_DIR}/${FRAMEWORKS_FOLDER_PATH}/ZIPFoundation.framework",
				"${TARGET_BUILD_DIR}/${FRAMEWORKS_FOLDER_PATH}/MicrosoftCognitiveServicesSpeech.framework",
			);
			runOnlyForDeploymentPostprocessing = 0;
			shellPath = /bin/sh;
			shellScript = "\"${PODS_ROOT}/Target Support Files/Pods-CreekSDK_Example/Pods-CreekSDK_Example-frameworks.sh\"\n";
			showEnvVarsInLog = 0;
		};
		D7E3C3C0C0E3E18A51933EC8 /* [CP] Copy Pods Resources */ = {
			isa = PBXShellScriptBuildPhase;
			buildActionMask = 2147483647;
			files = (
			);
			inputPaths = (
				"${PODS_ROOT}/Target Support Files/Pods-CreekSDK_Example/Pods-CreekSDK_Example-resources.sh",
				"${PODS_CONFIGURATION_BUILD_DIR}/CreekSDK/CreekSDKPrivacy.bundle",
			);
			name = "[CP] Copy Pods Resources";
			outputPaths = (
				"${TARGET_BUILD_DIR}/${UNLOCALIZED_RESOURCES_FOLDER_PATH}/CreekSDKPrivacy.bundle",
			);
			runOnlyForDeploymentPostprocessing = 0;
			shellPath = /bin/sh;
			shellScript = "\"${PODS_ROOT}/Target Support Files/Pods-CreekSDK_Example/Pods-CreekSDK_Example-resources.sh\"\n";
			showEnvVarsInLog = 0;
		};
/* End PBXShellScriptBuildPhase section */

/* Begin PBXSourcesBuildPhase section */
		607FACCC1AFB9204008FA782 /* Sources */ = {
			isa = PBXSourcesBuildPhase;
			buildActionMask = 2147483647;
			files = (
				079A21822B29A72A00F5D013 /* ActivityModel.swift in Sources */,
				07A73BB22BF20C67007EFFB3 /* UpgradeModel.swift in Sources */,
				079A21782B29A72A00F5D013 /* StressModel.swift in Sources */,
				079A21DD2B29B0B700F5D013 /* PonyAlert.swift in Sources */,
				0750C9362B99AED500D8E7A0 /* CustomSheetView.swift in Sources */,
				079A21612B29A71B00F5D013 /* CreekSDK.swift in Sources */,
				079A21772B29A72A00F5D013 /* ParseJson.swift in Sources */,
				079A217C2B29A72A00F5D013 /* SportModel.swift in Sources */,
				C47349342E86C5A200DE8374 /* AfPpgModel.swift in Sources */,
				07266C362DAF60F0000F8BED /* geo.pb.swift in Sources */,
				079A21792B29A72A00F5D013 /* PhoneModel.swift in Sources */,
				079A21E12B29B0FA00F5D013 /* ScanDeviceViewController.swift in Sources */,
				07266BF32DACF260000F8BED /* findphone.pb.swift in Sources */,
				07266BF42DACF260000F8BED /* sensor.pb.swift in Sources */,
				07266BF52DACF260000F8BED /* skill.pb.swift in Sources */,
				07266BF62DACF260000F8BED /* language.pb.swift in Sources */,
				07266BF72DACF260000F8BED /* alarm.pb.swift in Sources */,
				07266BF82DACF260000F8BED /* disturb.pb.swift in Sources */,
				07266BF92DACF260000F8BED /* healthsnapshot.pb.swift in Sources */,
				07266BFA2DACF260000F8BED /* standing.pb.swift in Sources */,
				07266C302DAD01DE000F8BED /* CourseModel.swift in Sources */,
				07266BFB2DACF260000F8BED /* watchdial.pb.swift in Sources */,
				07266BFC2DACF260000F8BED /* appSleep.pb.swift in Sources */,
				07266BFD2DACF260000F8BED /* font.pb.swift in Sources */,
				07266BFE2DACF260000F8BED /* morning.pb.swift in Sources */,
				07266BFF2DACF260000F8BED /* time.pb.swift in Sources */,
				073D059E2E30DA7F00F000B3 /* GoalsModel.swift in Sources */,
				07266C002DACF260000F8BED /* call.pb.swift in Sources */,
				07266C3E2DAFEA29000F8BED /* OTAViewController.swift in Sources */,
				07266C012DACF260000F8BED /* wtm.pb.swift in Sources */,
				07266C022DACF260000F8BED /* mtu.pb.swift in Sources */,
				07266C032DACF260000F8BED /* sportPrescription.pb.swift in Sources */,
				07266C042DACF260000F8BED /* appTable.pb.swift in Sources */,
				07266C052DACF260000F8BED /* update.pb.swift in Sources */,
				07266C062DACF260000F8BED /* contacts.pb.swift in Sources */,
				07266C2E2DACFDEB000F8BED /* MusicModel.swift in Sources */,
				07266C072DACF260000F8BED /* deviceinfo.pb.swift in Sources */,
				07266C082DACF260000F8BED /* contactssos.pb.swift in Sources */,
				07266C092DACF260000F8BED /* appList.pb.swift in Sources */,
				07266C0A2DACF260000F8BED /* focus.pb.swift in Sources */,
				07266C0B2DACF260000F8BED /* menstrual.pb.swift in Sources */,
				07266C0C2DACF260000F8BED /* sport.pb.swift in Sources */,
				07266C0D2DACF260000F8BED /* hotKey.pb.swift in Sources */,
				07266C0E2DACF260000F8BED /* monitor.pb.swift in Sources */,
				07266C0F2DACF260000F8BED /* weather.pb.swift in Sources */,
				07266C102DACF260000F8BED /* applets.pb.swift in Sources */,
				07266C112DACF260000F8BED /* log.pb.swift in Sources */,
				07266C382DAF64DA000F8BED /* SportCourseViewController.swift in Sources */,
				07266C122DACF260000F8BED /* watchdirection.pb.swift in Sources */,
				07266C132DACF260000F8BED /* wordtime.pb.swift in Sources */,
				07266C142DACF260000F8BED /* event.pb.swift in Sources */,
				07266C152DACF260000F8BED /* binding.pb.swift in Sources */,
				07266C162DACF260000F8BED /* card.pb.swift in Sources */,
				07266C172DACF260000F8BED /* healthhead.pb.swift in Sources */,
				07266C182DACF260000F8BED /* message.pb.swift in Sources */,
				07266C192DACF260000F8BED /* watchSensor.pb.swift in Sources */,
				C4524E362E797EE700F91EBA /* cardioFitness.pb.swift in Sources */,
				07266C1A2DACF260000F8BED /* gesture.pb.swift in Sources */,
				07266C1B2DACF260000F8BED /* alipay.pb.swift in Sources */,
				07266C1C2DACF260000F8BED /* enums.pb.swift in Sources */,
				07266C1D2DACF260000F8BED /* music.pb.swift in Sources */,
				07266C1E2DACF260000F8BED /* userinfo.pb.swift in Sources */,
				073FD2462E5D548A00652FCF /* cardioFitness.pb.swift in Sources */,
				073FD2472E5D548A00652FCF /* bloodPressure.pb.swift in Sources */,
				073FD2482E5D548A00652FCF /* ephemeris.pb.swift in Sources */,
				073FD2492E5D548A00652FCF /* medicine.pb.swift in Sources */,
				07266C1F2DACF260000F8BED /* voice.pb.swift in Sources */,
				07266C202DACF260000F8BED /* tracking.pb.swift in Sources */,
				07266C212DACF260000F8BED /* schedule.pb.swift in Sources */,
				07266C222DACF260000F8BED /* alexa.pb.swift in Sources */,
				C47349322E86C59300DE8374 /* AfModel.swift in Sources */,
				07266C232DACF260000F8BED /* waterMonitor.pb.swift in Sources */,
				07266C322DAD0575000F8BED /* LogViewController.swift in Sources */,
				07266C242DACF260000F8BED /* system.pb.swift in Sources */,
				07266C252DACF260000F8BED /* sleepMonitor.pb.swift in Sources */,
				C4524E342E797EA800F91EBA /* trainingLoad.pb.swift in Sources */,
				07266C262DACF260000F8BED /* calendar.pb.swift in Sources */,
				07266C272DACF260000F8BED /* table.pb.swift in Sources */,
				07266C282DACF260000F8BED /* waterAssistant.pb.swift in Sources */,
				07266C292DACF260000F8BED /* health.pb.swift in Sources */,
				07266C2A2DACF260000F8BED /* ring.pb.swift in Sources */,
				07266C2B2DACF260000F8BED /* screen.pb.swift in Sources */,
				07266C2C2DACF260000F8BED /* pspkey.pb.swift in Sources */,
				07BDFAF02B68D504009AD3D2 /* DialDetailsViewController.swift in Sources */,
				079A217A2B29A72A00F5D013 /* DeviceModel.swift in Sources */,
				079A21DC2B29B0B700F5D013 /* GlobalDefine.swift in Sources */,
				C44BFBA52E8A400400E63C19 /* GPSModel.swift in Sources */,
				079A21762B29A72A00F5D013 /* NoiseModel.swift in Sources */,
				079A21812B29A72A00F5D013 /* DeviceInfo.swift in Sources */,
				079D06EF2E87CD570088C49A /* multifileTran.pb.swift in Sources */,
				079D06F02E87CD570088C49A /* hydrateAassistant.pb.swift in Sources */,
				079D06F12E87CD570088C49A /* qrcodeList.pb.swift in Sources */,
				079A217E2B29A72A00F5D013 /* NoticeUpdateModel.swift in Sources */,
				072D41952C5BC62E00B1FB98 /* ContactsIconModel.swift in Sources */,
				0750C9342B99AC9F00D8E7A0 /* BaseSheetView.swift in Sources */,
				0702F1B02BBA59BF00712684 /* ProtoExtension.swift in Sources */,
				079A21852B29A72A00F5D013 /* EphemerisModel.swift in Sources */,
				079A21802B29A72A00F5D013 /* OxygenModel.swift in Sources */,
				079A21622B29A71B00F5D013 /* Log.swift in Sources */,
				C46B44CA2E6840CA00069759 /* volumeAdjust.pb.swift in Sources */,
				073D05E92E3A2AD700F000B3 /* activeOta.pb.swift in Sources */,
				073D05EA2E3A2AD700F000B3 /* zsWeather.pb.swift in Sources */,
				07BDFAF22B68E820009AD3D2 /* ZBSlideBar.swift in Sources */,
				607FACD81AFB9204008FA782 /* ViewController.swift in Sources */,
				079A21832B29A72A00F5D013 /* HeartRateModel.swift in Sources */,
				079A21E22B29B0FA00F5D013 /* CommandReplyViewController.swift in Sources */,
				077A60B82B67AFDC00AFEB2B /* extension_color.swift in Sources */,
				079A21D62B29A7E600F5D013 /* CreekInterFace.swift in Sources */,
				077A60BA2B67B37300AFEB2B /* DialViewController.swift in Sources */,
				07941D2A2BCBE0CB00CBFB62 /* DialPhotoParseModel.swift in Sources */,
				077A60B42B679A5300AFEB2B /* DialParseModel.swift in Sources */,
				079A217F2B29A72A00F5D013 /* BaseModel.swift in Sources */,
				079A217D2B29A72A00F5D013 /* SleepModel.swift in Sources */,
				07C8FBAE2BD7F2620047D112 /* EphemerisGPSModel.swift in Sources */,
				607FACD61AFB9204008FA782 /* AppDelegate.swift in Sources */,
				073DE4A32E12DBD900FA2B97 /* netWork.pb.swift in Sources */,
				079A21842B29A72A00F5D013 /* HrvModel.swift in Sources */,
				079A21632B29A71B00F5D013 /* CreekSDKExtension.swift in Sources */,
				07D139782BC51EF8009405D2 /* DialPhotoViewController.swift in Sources */,
				079A217B2B29A72A00F5D013 /* EventReportModel.swift in Sources */,
				07266C342DAD1CAB000F8BED /* MusicViewController.swift in Sources */,
				07266C3A2DAFBBB4000F8BED /* RouteViewController.swift in Sources */,
				07D1397A2BC64592009405D2 /* CameraPopView.swift in Sources */,
				073DE4B92E1B6C8A00FA2B97 /* DialVideoViewController.swift in Sources */,
				079A21642B29A71B00F5D013 /* CreekEnum.swift in Sources */,
				079A21DE2B29B0B700F5D013 /* PonyBaseViewController.swift in Sources */,
			);
			runOnlyForDeploymentPostprocessing = 0;
		};
/* End PBXSourcesBuildPhase section */

/* Begin PBXVariantGroup section */
		607FACD91AFB9204008FA782 /* Main.storyboard */ = {
			isa = PBXVariantGroup;
			children = (
				607FACDA1AFB9204008FA782 /* Base */,
			);
			name = Main.storyboard;
			sourceTree = "<group>";
		};
		607FACDE1AFB9204008FA782 /* LaunchScreen.xib */ = {
			isa = PBXVariantGroup;
			children = (
				607FACDF1AFB9204008FA782 /* Base */,
			);
			name = LaunchScreen.xib;
			sourceTree = "<group>";
		};
/* End PBXVariantGroup section */

/* Begin XCBuildConfiguration section */
		607FACED1AFB9204008FA782 /* Debug */ = {
			isa = XCBuildConfiguration;
			buildSettings = {
				ALWAYS_SEARCH_USER_PATHS = NO;
				CLANG_CXX_LANGUAGE_STANDARD = "gnu++0x";
				CLANG_CXX_LIBRARY = "libc++";
				CLANG_ENABLE_MODULES = YES;
				CLANG_ENABLE_OBJC_ARC = YES;
				CLANG_WARN_BLOCK_CAPTURE_AUTORELEASING = YES;
				CLANG_WARN_BOOL_CONVERSION = YES;
				CLANG_WARN_COMMA = YES;
				CLANG_WARN_CONSTANT_CONVERSION = YES;
				CLANG_WARN_DIRECT_OBJC_ISA_USAGE = YES_ERROR;
				CLANG_WARN_EMPTY_BODY = YES;
				CLANG_WARN_ENUM_CONVERSION = YES;
				CLANG_WARN_INFINITE_RECURSION = YES;
				CLANG_WARN_INT_CONVERSION = YES;
				CLANG_WARN_NON_LITERAL_NULL_CONVERSION = YES;
				CLANG_WARN_OBJC_LITERAL_CONVERSION = YES;
				CLANG_WARN_OBJC_ROOT_CLASS = YES_ERROR;
				CLANG_WARN_RANGE_LOOP_ANALYSIS = YES;
				CLANG_WARN_STRICT_PROTOTYPES = YES;
				CLANG_WARN_SUSPICIOUS_MOVE = YES;
				CLANG_WARN_UNREACHABLE_CODE = YES;
				CLANG_WARN__DUPLICATE_METHOD_MATCH = YES;
				"CODE_SIGN_IDENTITY[sdk=iphoneos*]" = "iPhone Developer";
				COPY_PHASE_STRIP = NO;
				DEBUG_INFORMATION_FORMAT = "dwarf-with-dsym";
				ENABLE_STRICT_OBJC_MSGSEND = YES;
				ENABLE_TESTABILITY = YES;
				GCC_C_LANGUAGE_STANDARD = gnu99;
				GCC_DYNAMIC_NO_PIC = NO;
				GCC_NO_COMMON_BLOCKS = YES;
				GCC_OPTIMIZATION_LEVEL = 0;
				GCC_PREPROCESSOR_DEFINITIONS = (
					"DEBUG=1",
					"$(inherited)",
				);
				GCC_SYMBOLS_PRIVATE_EXTERN = NO;
				GCC_WARN_64_TO_32_BIT_CONVERSION = YES;
				GCC_WARN_ABOUT_RETURN_TYPE = YES_ERROR;
				GCC_WARN_UNDECLARED_SELECTOR = YES;
				GCC_WARN_UNINITIALIZED_AUTOS = YES_AGGRESSIVE;
				GCC_WARN_UNUSED_FUNCTION = YES;
				GCC_WARN_UNUSED_VARIABLE = YES;
				IPHONEOS_DEPLOYMENT_TARGET = 13.0;
				MTL_ENABLE_DEBUG_INFO = YES;
				ONLY_ACTIVE_ARCH = YES;
				SDKROOT = iphoneos;
				SWIFT_OPTIMIZATION_LEVEL = "-Onone";
			};
			name = Debug;
		};
		607FACEE1AFB9204008FA782 /* Release */ = {
			isa = XCBuildConfiguration;
			buildSettings = {
				ALWAYS_SEARCH_USER_PATHS = NO;
				CLANG_CXX_LANGUAGE_STANDARD = "gnu++0x";
				CLANG_CXX_LIBRARY = "libc++";
				CLANG_ENABLE_MODULES = YES;
				CLANG_ENABLE_OBJC_ARC = YES;
				CLANG_WARN_BLOCK_CAPTURE_AUTORELEASING = YES;
				CLANG_WARN_BOOL_CONVERSION = YES;
				CLANG_WARN_COMMA = YES;
				CLANG_WARN_CONSTANT_CONVERSION = YES;
				CLANG_WARN_DIRECT_OBJC_ISA_USAGE = YES_ERROR;
				CLANG_WARN_EMPTY_BODY = YES;
				CLANG_WARN_ENUM_CONVERSION = YES;
				CLANG_WARN_INFINITE_RECURSION = YES;
				CLANG_WARN_INT_CONVERSION = YES;
				CLANG_WARN_NON_LITERAL_NULL_CONVERSION = YES;
				CLANG_WARN_OBJC_LITERAL_CONVERSION = YES;
				CLANG_WARN_OBJC_ROOT_CLASS = YES_ERROR;
				CLANG_WARN_RANGE_LOOP_ANALYSIS = YES;
				CLANG_WARN_STRICT_PROTOTYPES = YES;
				CLANG_WARN_SUSPICIOUS_MOVE = YES;
				CLANG_WARN_UNREACHABLE_CODE = YES;
				CLANG_WARN__DUPLICATE_METHOD_MATCH = YES;
				"CODE_SIGN_IDENTITY[sdk=iphoneos*]" = "iPhone Developer";
				COPY_PHASE_STRIP = NO;
				DEBUG_INFORMATION_FORMAT = "dwarf-with-dsym";
				ENABLE_NS_ASSERTIONS = NO;
				ENABLE_STRICT_OBJC_MSGSEND = YES;
				GCC_C_LANGUAGE_STANDARD = gnu99;
				GCC_NO_COMMON_BLOCKS = YES;
				GCC_WARN_64_TO_32_BIT_CONVERSION = YES;
				GCC_WARN_ABOUT_RETURN_TYPE = YES_ERROR;
				GCC_WARN_UNDECLARED_SELECTOR = YES;
				GCC_WARN_UNINITIALIZED_AUTOS = YES_AGGRESSIVE;
				GCC_WARN_UNUSED_FUNCTION = YES;
				GCC_WARN_UNUSED_VARIABLE = YES;
				IPHONEOS_DEPLOYMENT_TARGET = 13.0;
				MTL_ENABLE_DEBUG_INFO = NO;
				SDKROOT = iphoneos;
				SWIFT_OPTIMIZATION_LEVEL = "-Owholemodule";
				VALIDATE_PRODUCT = YES;
			};
			name = Release;
		};
		607FACF01AFB9204008FA782 /* Debug */ = {
			isa = XCBuildConfiguration;
			baseConfigurationReference = 41D8A88C06A2AB38F6B43DBA /* Pods-CreekSDK_Example.debug.xcconfig */;
			buildSettings = {
				ASSETCATALOG_COMPILER_APPICON_NAME = AppIcon;
				DEVELOPMENT_TEAM = T65EE75V48;
				INFOPLIST_FILE = CreekSDK/Info.plist;
				IPHONEOS_DEPLOYMENT_TARGET = 13.0;
				LD_RUNPATH_SEARCH_PATHS = "$(inherited) @executable_path/Frameworks";
				MODULE_NAME = ExampleApp;
				PRODUCT_BUNDLE_IDENTIFIER = com.dome.app.CreekSDKDemo1;
				PRODUCT_NAME = "$(TARGET_NAME)";
				SWIFT_SWIFT3_OBJC_INFERENCE = Default;
				SWIFT_VERSION = 5.0;
			};
			name = Debug;
		};
		607FACF11AFB9204008FA782 /* Release */ = {
			isa = XCBuildConfiguration;
			baseConfigurationReference = 0E8D4E99CF53DF6D7CE84C56 /* Pods-CreekSDK_Example.release.xcconfig */;
			buildSettings = {
				ASSETCATALOG_COMPILER_APPICON_NAME = AppIcon;
				DEVELOPMENT_TEAM = T65EE75V48;
				INFOPLIST_FILE = CreekSDK/Info.plist;
				IPHONEOS_DEPLOYMENT_TARGET = 13.0;
				LD_RUNPATH_SEARCH_PATHS = "$(inherited) @executable_path/Frameworks";
				MODULE_NAME = ExampleApp;
				PRODUCT_BUNDLE_IDENTIFIER = com.dome.app.CreekSDKDemo1;
				PRODUCT_NAME = "$(TARGET_NAME)";
				SWIFT_SWIFT3_OBJC_INFERENCE = Default;
				SWIFT_VERSION = 5.0;
			};
			name = Release;
		};
/* End XCBuildConfiguration section */

/* Begin XCConfigurationList section */
		607FACCB1AFB9204008FA782 /* Build configuration list for PBXProject "CreekSDK" */ = {
			isa = XCConfigurationList;
			buildConfigurations = (
				607FACED1AFB9204008FA782 /* Debug */,
				607FACEE1AFB9204008FA782 /* Release */,
			);
			defaultConfigurationIsVisible = 0;
			defaultConfigurationName = Release;
		};
		607FACEF1AFB9204008FA782 /* Build configuration list for PBXNativeTarget "CreekSDK_Example" */ = {
			isa = XCConfigurationList;
			buildConfigurations = (
				607FACF01AFB9204008FA782 /* Debug */,
				607FACF11AFB9204008FA782 /* Release */,
			);
			defaultConfigurationIsVisible = 0;
			defaultConfigurationName = Release;
		};
/* End XCConfigurationList section */
	};
	rootObject = 607FACC81AFB9204008FA782 /* Project object */;
}
